// !$*UTF8*$!
{
	archiveVersion = 1;
	classes = {
	};
	objectVersion = 46;
	objects = {

/* Begin PBXBuildFile section */
		0432045E1E8CDED3002706B8 /* AppDelegate.swift in Sources */ = {isa = PBXBuildFile; fileRef = 0432045D1E8CDED3002706B8 /* AppDelegate.swift */; };
		043204601E8CDED3002706B8 /* ViewController.swift in Sources */ = {isa = PBXBuildFile; fileRef = 0432045F1E8CDED3002706B8 /* ViewController.swift */; };
		043204631E8CDED3002706B8 /* Main.storyboard in Resources */ = {isa = PBXBuildFile; fileRef = 043204611E8CDED3002706B8 /* Main.storyboard */; };
		043204651E8CDED3002706B8 /* Assets.xcassets in Resources */ = {isa = PBXBuildFile; fileRef = 043204641E8CDED3002706B8 /* Assets.xcassets */; };
		043204681E8CDED3002706B8 /* LaunchScreen.storyboard in Resources */ = {isa = PBXBuildFile; fileRef = 043204661E8CDED3002706B8 /* LaunchScreen.storyboard */; };
		043204741E8CF3F6002706B8 /* 1Password.xcassets in Resources */ = {isa = PBXBuildFile; fileRef = 043204711E8CF3F6002706B8 /* 1Password.xcassets */; };
		043204751E8CF3F6002706B8 /* OnePasswordExtension.m in Sources */ = {isa = PBXBuildFile; fileRef = 043204731E8CF3F6002706B8 /* OnePasswordExtension.m */; };
		043204781E8DEA77002706B8 /* CacheData.swift in Sources */ = {isa = PBXBuildFile; fileRef = 043204771E8DEA77002706B8 /* CacheData.swift */; };
		0432047D1E8E06D1002706B8 /* LoginViewController.swift in Sources */ = {isa = PBXBuildFile; fileRef = 0432047B1E8E06D1002706B8 /* LoginViewController.swift */; };
		046D41C71E9B744700624E77 /* TagsTableViewController.swift in Sources */ = {isa = PBXBuildFile; fileRef = 046D41C61E9B744700624E77 /* TagsTableViewController.swift */; };
		046D41CB1E9B751C00624E77 /* TagsTableViewCell.swift in Sources */ = {isa = PBXBuildFile; fileRef = 046D41CA1E9B751C00624E77 /* TagsTableViewCell.swift */; };
		046D41CD1E9B7A7900624E77 /* TagInfoTableViewController.swift in Sources */ = {isa = PBXBuildFile; fileRef = 046D41CC1E9B7A7900624E77 /* TagInfoTableViewController.swift */; };
		046D41CF1E9B7B5300624E77 /* TagInfoTableViewCell.swift in Sources */ = {isa = PBXBuildFile; fileRef = 046D41CE1E9B7B5300624E77 /* TagInfoTableViewCell.swift */; };
		046D41D21E9C751100624E77 /* RecentTableViewController.swift in Sources */ = {isa = PBXBuildFile; fileRef = 046D41D11E9C751100624E77 /* RecentTableViewController.swift */; };
		046D41D51E9C81E900624E77 /* Constant.swift in Sources */ = {isa = PBXBuildFile; fileRef = 046D41D41E9C81E900624E77 /* Constant.swift */; };
		046D41D71E9CA82A00624E77 /* AddURLViewController.swift in Sources */ = {isa = PBXBuildFile; fileRef = 046D41D61E9CA82A00624E77 /* AddURLViewController.swift */; };
		046D41DF1E9CC15800624E77 /* ShareViewController.swift in Sources */ = {isa = PBXBuildFile; fileRef = 046D41DE1E9CC15800624E77 /* ShareViewController.swift */; };
		046D41E21E9CC15800624E77 /* MainInterface.storyboard in Resources */ = {isa = PBXBuildFile; fileRef = 046D41E01E9CC15800624E77 /* MainInterface.storyboard */; };
		046D41E61E9CC15800624E77 /* pinnedShareExtension.appex in Embed App Extensions */ = {isa = PBXBuildFile; fileRef = 046D41DC1E9CC15700624E77 /* pinnedShareExtension.appex */; settings = {ATTRIBUTES = (RemoveHeadersOnCopy, ); }; };
		046D422D1E9CD2C400624E77 /* NetworkingKit.framework in Frameworks */ = {isa = PBXBuildFile; fileRef = 046D42241E9CD2C000624E77 /* NetworkingKit.framework */; };
		046D42341E9CD2C400624E77 /* NetworkingKitTests.swift in Sources */ = {isa = PBXBuildFile; fileRef = 046D42331E9CD2C400624E77 /* NetworkingKitTests.swift */; };
		046D42361E9CD2C400624E77 /* NetworkingKit.h in Headers */ = {isa = PBXBuildFile; fileRef = 046D42261E9CD2C200624E77 /* NetworkingKit.h */; settings = {ATTRIBUTES = (Public, ); }; };
		046D42391E9CD2C400624E77 /* NetworkingKit.framework in Frameworks */ = {isa = PBXBuildFile; fileRef = 046D42241E9CD2C000624E77 /* NetworkingKit.framework */; };
		046D423A1E9CD2C400624E77 /* NetworkingKit.framework in Embed Frameworks */ = {isa = PBXBuildFile; fileRef = 046D42241E9CD2C000624E77 /* NetworkingKit.framework */; settings = {ATTRIBUTES = (CodeSignOnCopy, RemoveHeadersOnCopy, ); }; };
		046D42411E9CD2EE00624E77 /* NetworkingKit.framework in Frameworks */ = {isa = PBXBuildFile; fileRef = 046D42241E9CD2C000624E77 /* NetworkingKit.framework */; };
		046D42421E9CD33300624E77 /* AFAppDotNetAPIClient.swift in Sources */ = {isa = PBXBuildFile; fileRef = 04EECA5F1E8E2D2C00A81CEE /* AFAppDotNetAPIClient.swift */; };
		0474860B1E94D78A004093D3 /* All.storyboard in Resources */ = {isa = PBXBuildFile; fileRef = 0474860A1E94D78A004093D3 /* All.storyboard */; };
		0474860D1E94D82B004093D3 /* Tags.storyboard in Resources */ = {isa = PBXBuildFile; fileRef = 0474860C1E94D82B004093D3 /* Tags.storyboard */; };
		0474860F1E94DB40004093D3 /* Mark.storyboard in Resources */ = {isa = PBXBuildFile; fileRef = 0474860E1E94DB40004093D3 /* Mark.storyboard */; };
		047486131E94DBEF004093D3 /* MainViewController.swift in Sources */ = {isa = PBXBuildFile; fileRef = 047486121E94DBEF004093D3 /* MainViewController.swift */; };
		047486151E94E040004093D3 /* Other.storyboard in Resources */ = {isa = PBXBuildFile; fileRef = 047486141E94E040004093D3 /* Other.storyboard */; };
		047486181E94E11E004093D3 /* AllMainTableViewController.swift in Sources */ = {isa = PBXBuildFile; fileRef = 047486171E94E11E004093D3 /* AllMainTableViewController.swift */; };
		0474861A1E94E518004093D3 /* BaseTableViewController.swift in Sources */ = {isa = PBXBuildFile; fileRef = 047486191E94E518004093D3 /* BaseTableViewController.swift */; };
		04BF10961E9611FC00FEC2C8 /* AllMainTableViewCell.swift in Sources */ = {isa = PBXBuildFile; fileRef = 04BF10951E9611FC00FEC2C8 /* AllMainTableViewCell.swift */; };
		04BF10981E963A3E00FEC2C8 /* AllMainCollectionViewCell.swift in Sources */ = {isa = PBXBuildFile; fileRef = 04BF10971E963A3E00FEC2C8 /* AllMainCollectionViewCell.swift */; };
		04BF109A1E97242200FEC2C8 /* AllMainUICollectionView.swift in Sources */ = {isa = PBXBuildFile; fileRef = 04BF10991E97242200FEC2C8 /* AllMainUICollectionView.swift */; };
		04BF109D1E9767D700FEC2C8 /* AllMainNewCollectionViewCell.swift in Sources */ = {isa = PBXBuildFile; fileRef = 04BF109B1E9767D700FEC2C8 /* AllMainNewCollectionViewCell.swift */; };
		04BF109E1E9767D700FEC2C8 /* AllMainNewCollectionViewCell.xib in Resources */ = {isa = PBXBuildFile; fileRef = 04BF109C1E9767D700FEC2C8 /* AllMainNewCollectionViewCell.xib */; };
		04EECA5C1E8E24EA00A81CEE /* Login.storyboard in Resources */ = {isa = PBXBuildFile; fileRef = 04EECA5B1E8E24EA00A81CEE /* Login.storyboard */; };
		04EECA601E8E2D2C00A81CEE /* AFAppDotNetAPIClient.swift in Sources */ = {isa = PBXBuildFile; fileRef = 04EECA5F1E8E2D2C00A81CEE /* AFAppDotNetAPIClient.swift */; };
		04EECA621E8E3C2500A81CEE /* BaseViewController.swift in Sources */ = {isa = PBXBuildFile; fileRef = 04EECA611E8E3C2500A81CEE /* BaseViewController.swift */; };
		04EECA671E8E3FA300A81CEE /* StringExtension.swift in Sources */ = {isa = PBXBuildFile; fileRef = 04EECA661E8E3FA300A81CEE /* StringExtension.swift */; };
		21581CF1FE5F98554948B7A1 /* Pods_pinnedShareExtension.framework in Frameworks */ = {isa = PBXBuildFile; fileRef = F935EA5B6AD8AA59AD17F2E8 /* Pods_pinnedShareExtension.framework */; };
		81C82F4E300BD2CDF2C5C4A8 /* Pods_pinned.framework in Frameworks */ = {isa = PBXBuildFile; fileRef = F002523DD10301F8AE2CFDDB /* Pods_pinned.framework */; };
		A19DABF3A749B564B8911FB2 /* Pods_NetworkingKit.framework in Frameworks */ = {isa = PBXBuildFile; fileRef = 5F4FBFC6632F9AA043BFC735 /* Pods_NetworkingKit.framework */; };
/* End PBXBuildFile section */

/* Begin PBXContainerItemProxy section */
		046D41E41E9CC15800624E77 /* PBXContainerItemProxy */ = {
			isa = PBXContainerItemProxy;
			containerPortal = 043204521E8CDED2002706B8 /* Project object */;
			proxyType = 1;
			remoteGlobalIDString = 046D41DB1E9CC15700624E77;
			remoteInfo = pinnedShareExtension;
		};
		046D422E1E9CD2C400624E77 /* PBXContainerItemProxy */ = {
			isa = PBXContainerItemProxy;
			containerPortal = 043204521E8CDED2002706B8 /* Project object */;
			proxyType = 1;
			remoteGlobalIDString = 046D42231E9CD2BF00624E77;
			remoteInfo = NetworkingKit;
		};
		046D42301E9CD2C400624E77 /* PBXContainerItemProxy */ = {
			isa = PBXContainerItemProxy;
			containerPortal = 043204521E8CDED2002706B8 /* Project object */;
			proxyType = 1;
			remoteGlobalIDString = 043204591E8CDED2002706B8;
			remoteInfo = pinned;
		};
		046D42371E9CD2C400624E77 /* PBXContainerItemProxy */ = {
			isa = PBXContainerItemProxy;
			containerPortal = 043204521E8CDED2002706B8 /* Project object */;
			proxyType = 1;
			remoteGlobalIDString = 046D42231E9CD2BF00624E77;
			remoteInfo = NetworkingKit;
		};
/* End PBXContainerItemProxy section */

/* Begin PBXCopyFilesBuildPhase section */
		046D41EA1E9CC15800624E77 /* Embed App Extensions */ = {
			isa = PBXCopyFilesBuildPhase;
			buildActionMask = 2147483647;
			dstPath = "";
			dstSubfolderSpec = 13;
			files = (
				046D41E61E9CC15800624E77 /* pinnedShareExtension.appex in Embed App Extensions */,
			);
			name = "Embed App Extensions";
			runOnlyForDeploymentPostprocessing = 0;
		};
		046D420A1E9CC5B900624E77 /* Embed Frameworks */ = {
			isa = PBXCopyFilesBuildPhase;
			buildActionMask = 2147483647;
			dstPath = "";
			dstSubfolderSpec = 10;
			files = (
				046D423A1E9CD2C400624E77 /* NetworkingKit.framework in Embed Frameworks */,
			);
			name = "Embed Frameworks";
			runOnlyForDeploymentPostprocessing = 0;
		};
/* End PBXCopyFilesBuildPhase section */

/* Begin PBXFileReference section */
		0432045A1E8CDED3002706B8 /* pinned.app */ = {isa = PBXFileReference; explicitFileType = wrapper.application; includeInIndex = 0; path = pinned.app; sourceTree = BUILT_PRODUCTS_DIR; };
		0432045D1E8CDED3002706B8 /* AppDelegate.swift */ = {isa = PBXFileReference; lastKnownFileType = sourcecode.swift; path = AppDelegate.swift; sourceTree = "<group>"; };
		0432045F1E8CDED3002706B8 /* ViewController.swift */ = {isa = PBXFileReference; lastKnownFileType = sourcecode.swift; path = ViewController.swift; sourceTree = "<group>"; };
		043204621E8CDED3002706B8 /* Base */ = {isa = PBXFileReference; lastKnownFileType = file.storyboard; name = Base; path = Base.lproj/Main.storyboard; sourceTree = "<group>"; };
		043204641E8CDED3002706B8 /* Assets.xcassets */ = {isa = PBXFileReference; lastKnownFileType = folder.assetcatalog; path = Assets.xcassets; sourceTree = "<group>"; };
		043204671E8CDED3002706B8 /* Base */ = {isa = PBXFileReference; lastKnownFileType = file.storyboard; name = Base; path = Base.lproj/LaunchScreen.storyboard; sourceTree = "<group>"; };
		043204691E8CDED3002706B8 /* Info.plist */ = {isa = PBXFileReference; lastKnownFileType = text.plist.xml; path = Info.plist; sourceTree = "<group>"; };
		0432046F1E8CF33B002706B8 /* OCHeader.h */ = {isa = PBXFileReference; lastKnownFileType = sourcecode.c.h; path = OCHeader.h; sourceTree = "<group>"; };
		043204711E8CF3F6002706B8 /* 1Password.xcassets */ = {isa = PBXFileReference; lastKnownFileType = folder.assetcatalog; path = 1Password.xcassets; sourceTree = "<group>"; };
		043204721E8CF3F6002706B8 /* OnePasswordExtension.h */ = {isa = PBXFileReference; fileEncoding = 4; lastKnownFileType = sourcecode.c.h; path = OnePasswordExtension.h; sourceTree = "<group>"; };
		043204731E8CF3F6002706B8 /* OnePasswordExtension.m */ = {isa = PBXFileReference; fileEncoding = 4; lastKnownFileType = sourcecode.c.objc; path = OnePasswordExtension.m; sourceTree = "<group>"; };
		043204771E8DEA77002706B8 /* CacheData.swift */ = {isa = PBXFileReference; fileEncoding = 4; lastKnownFileType = sourcecode.swift; path = CacheData.swift; sourceTree = "<group>"; };
		0432047B1E8E06D1002706B8 /* LoginViewController.swift */ = {isa = PBXFileReference; fileEncoding = 4; lastKnownFileType = sourcecode.swift; path = LoginViewController.swift; sourceTree = "<group>"; };
		046D41C61E9B744700624E77 /* TagsTableViewController.swift */ = {isa = PBXFileReference; fileEncoding = 4; lastKnownFileType = sourcecode.swift; path = TagsTableViewController.swift; sourceTree = "<group>"; };
		046D41CA1E9B751C00624E77 /* TagsTableViewCell.swift */ = {isa = PBXFileReference; fileEncoding = 4; lastKnownFileType = sourcecode.swift; path = TagsTableViewCell.swift; sourceTree = "<group>"; };
		046D41CC1E9B7A7900624E77 /* TagInfoTableViewController.swift */ = {isa = PBXFileReference; fileEncoding = 4; lastKnownFileType = sourcecode.swift; path = TagInfoTableViewController.swift; sourceTree = "<group>"; };
		046D41CE1E9B7B5300624E77 /* TagInfoTableViewCell.swift */ = {isa = PBXFileReference; fileEncoding = 4; lastKnownFileType = sourcecode.swift; path = TagInfoTableViewCell.swift; sourceTree = "<group>"; };
		046D41D11E9C751100624E77 /* RecentTableViewController.swift */ = {isa = PBXFileReference; fileEncoding = 4; lastKnownFileType = sourcecode.swift; path = RecentTableViewController.swift; sourceTree = "<group>"; };
		046D41D41E9C81E900624E77 /* Constant.swift */ = {isa = PBXFileReference; fileEncoding = 4; lastKnownFileType = sourcecode.swift; path = Constant.swift; sourceTree = "<group>"; };
		046D41D61E9CA82A00624E77 /* AddURLViewController.swift */ = {isa = PBXFileReference; fileEncoding = 4; lastKnownFileType = sourcecode.swift; path = AddURLViewController.swift; sourceTree = "<group>"; };
		046D41DC1E9CC15700624E77 /* pinnedShareExtension.appex */ = {isa = PBXFileReference; explicitFileType = "wrapper.app-extension"; includeInIndex = 0; path = pinnedShareExtension.appex; sourceTree = BUILT_PRODUCTS_DIR; };
		046D41DE1E9CC15800624E77 /* ShareViewController.swift */ = {isa = PBXFileReference; lastKnownFileType = sourcecode.swift; path = ShareViewController.swift; sourceTree = "<group>"; };
		046D41E11E9CC15800624E77 /* Base */ = {isa = PBXFileReference; lastKnownFileType = file.storyboard; name = Base; path = Base.lproj/MainInterface.storyboard; sourceTree = "<group>"; };
		046D41E31E9CC15800624E77 /* Info.plist */ = {isa = PBXFileReference; lastKnownFileType = text.plist.xml; path = Info.plist; sourceTree = "<group>"; };
		046D42131E9CC89400624E77 /* AFNetworking.framework */ = {isa = PBXFileReference; lastKnownFileType = wrapper.framework; name = AFNetworking.framework; path = "../../../Library/Developer/Xcode/DerivedData/pinned-bjpvpqfztwgkgrbekxevfhndkkxg/Build/Products/Debug-iphonesimulator/AFNetworking/AFNetworking.framework"; sourceTree = "<group>"; };
		046D42161E9CC9CE00624E77 /* pinned.entitlements */ = {isa = PBXFileReference; lastKnownFileType = text.plist.entitlements; path = pinned.entitlements; sourceTree = "<group>"; };
		046D42241E9CD2C000624E77 /* NetworkingKit.framework */ = {isa = PBXFileReference; explicitFileType = wrapper.framework; includeInIndex = 0; path = NetworkingKit.framework; sourceTree = BUILT_PRODUCTS_DIR; };
		046D42261E9CD2C200624E77 /* NetworkingKit.h */ = {isa = PBXFileReference; lastKnownFileType = sourcecode.c.h; path = NetworkingKit.h; sourceTree = "<group>"; };
		046D42271E9CD2C200624E77 /* Info.plist */ = {isa = PBXFileReference; lastKnownFileType = text.plist.xml; path = Info.plist; sourceTree = "<group>"; };
		046D422C1E9CD2C200624E77 /* NetworkingKitTests.xctest */ = {isa = PBXFileReference; explicitFileType = wrapper.cfbundle; includeInIndex = 0; path = NetworkingKitTests.xctest; sourceTree = BUILT_PRODUCTS_DIR; };
		046D42331E9CD2C400624E77 /* NetworkingKitTests.swift */ = {isa = PBXFileReference; lastKnownFileType = sourcecode.swift; path = NetworkingKitTests.swift; sourceTree = "<group>"; };
		046D42351E9CD2C400624E77 /* Info.plist */ = {isa = PBXFileReference; lastKnownFileType = text.plist.xml; path = Info.plist; sourceTree = "<group>"; };
		0474860A1E94D78A004093D3 /* All.storyboard */ = {isa = PBXFileReference; fileEncoding = 4; lastKnownFileType = file.storyboard; path = All.storyboard; sourceTree = "<group>"; };
		0474860C1E94D82B004093D3 /* Tags.storyboard */ = {isa = PBXFileReference; fileEncoding = 4; lastKnownFileType = file.storyboard; path = Tags.storyboard; sourceTree = "<group>"; };
		0474860E1E94DB40004093D3 /* Mark.storyboard */ = {isa = PBXFileReference; fileEncoding = 4; lastKnownFileType = file.storyboard; path = Mark.storyboard; sourceTree = "<group>"; };
		047486121E94DBEF004093D3 /* MainViewController.swift */ = {isa = PBXFileReference; fileEncoding = 4; lastKnownFileType = sourcecode.swift; path = MainViewController.swift; sourceTree = "<group>"; };
		047486141E94E040004093D3 /* Other.storyboard */ = {isa = PBXFileReference; fileEncoding = 4; lastKnownFileType = file.storyboard; path = Other.storyboard; sourceTree = "<group>"; };
		047486171E94E11E004093D3 /* AllMainTableViewController.swift */ = {isa = PBXFileReference; fileEncoding = 4; lastKnownFileType = sourcecode.swift; path = AllMainTableViewController.swift; sourceTree = "<group>"; };
		047486191E94E518004093D3 /* BaseTableViewController.swift */ = {isa = PBXFileReference; fileEncoding = 4; lastKnownFileType = sourcecode.swift; path = BaseTableViewController.swift; sourceTree = "<group>"; };
		04BF10951E9611FC00FEC2C8 /* AllMainTableViewCell.swift */ = {isa = PBXFileReference; fileEncoding = 4; lastKnownFileType = sourcecode.swift; path = AllMainTableViewCell.swift; sourceTree = "<group>"; };
		04BF10971E963A3E00FEC2C8 /* AllMainCollectionViewCell.swift */ = {isa = PBXFileReference; fileEncoding = 4; lastKnownFileType = sourcecode.swift; path = AllMainCollectionViewCell.swift; sourceTree = "<group>"; };
		04BF10991E97242200FEC2C8 /* AllMainUICollectionView.swift */ = {isa = PBXFileReference; fileEncoding = 4; lastKnownFileType = sourcecode.swift; path = AllMainUICollectionView.swift; sourceTree = "<group>"; };
		04BF109B1E9767D700FEC2C8 /* AllMainNewCollectionViewCell.swift */ = {isa = PBXFileReference; fileEncoding = 4; lastKnownFileType = sourcecode.swift; path = AllMainNewCollectionViewCell.swift; sourceTree = "<group>"; };
		04BF109C1E9767D700FEC2C8 /* AllMainNewCollectionViewCell.xib */ = {isa = PBXFileReference; fileEncoding = 4; lastKnownFileType = file.xib; path = AllMainNewCollectionViewCell.xib; sourceTree = "<group>"; };
		04EECA5B1E8E24EA00A81CEE /* Login.storyboard */ = {isa = PBXFileReference; fileEncoding = 4; lastKnownFileType = file.storyboard; path = Login.storyboard; sourceTree = "<group>"; };
		04EECA5F1E8E2D2C00A81CEE /* AFAppDotNetAPIClient.swift */ = {isa = PBXFileReference; fileEncoding = 4; lastKnownFileType = sourcecode.swift; path = AFAppDotNetAPIClient.swift; sourceTree = "<group>"; };
		04EECA611E8E3C2500A81CEE /* BaseViewController.swift */ = {isa = PBXFileReference; fileEncoding = 4; lastKnownFileType = sourcecode.swift; path = BaseViewController.swift; sourceTree = "<group>"; };
		04EECA661E8E3FA300A81CEE /* StringExtension.swift */ = {isa = PBXFileReference; fileEncoding = 4; lastKnownFileType = sourcecode.swift; path = StringExtension.swift; sourceTree = "<group>"; };
		2530FBCE2C238983B8505523 /* Pods-NetworkingKit.debug.xcconfig */ = {isa = PBXFileReference; includeInIndex = 1; lastKnownFileType = text.xcconfig; name = "Pods-NetworkingKit.debug.xcconfig"; path = "Pods/Target Support Files/Pods-NetworkingKit/Pods-NetworkingKit.debug.xcconfig"; sourceTree = "<group>"; };
		3E8B02F8495A9877F7FA02F6 /* Pods-pinned.debug.xcconfig */ = {isa = PBXFileReference; includeInIndex = 1; lastKnownFileType = text.xcconfig; name = "Pods-pinned.debug.xcconfig"; path = "Pods/Target Support Files/Pods-pinned/Pods-pinned.debug.xcconfig"; sourceTree = "<group>"; };
		4AEF963F6EFFA407F1C04A90 /* Pods-pinnedShareExtension.debug.xcconfig */ = {isa = PBXFileReference; includeInIndex = 1; lastKnownFileType = text.xcconfig; name = "Pods-pinnedShareExtension.debug.xcconfig"; path = "Pods/Target Support Files/Pods-pinnedShareExtension/Pods-pinnedShareExtension.debug.xcconfig"; sourceTree = "<group>"; };
		5F4FBFC6632F9AA043BFC735 /* Pods_NetworkingKit.framework */ = {isa = PBXFileReference; explicitFileType = wrapper.framework; includeInIndex = 0; path = Pods_NetworkingKit.framework; sourceTree = BUILT_PRODUCTS_DIR; };
		79DA0FE1A4CAF0288DE49170 /* Pods-pinned.release.xcconfig */ = {isa = PBXFileReference; includeInIndex = 1; lastKnownFileType = text.xcconfig; name = "Pods-pinned.release.xcconfig"; path = "Pods/Target Support Files/Pods-pinned/Pods-pinned.release.xcconfig"; sourceTree = "<group>"; };
		B0CEFAB47F8CB896C338B006 /* Pods-pinnedShareExtension.release.xcconfig */ = {isa = PBXFileReference; includeInIndex = 1; lastKnownFileType = text.xcconfig; name = "Pods-pinnedShareExtension.release.xcconfig"; path = "Pods/Target Support Files/Pods-pinnedShareExtension/Pods-pinnedShareExtension.release.xcconfig"; sourceTree = "<group>"; };
		E4C9A1A161279CC8653DB33F /* Pods-NetworkingKit.release.xcconfig */ = {isa = PBXFileReference; includeInIndex = 1; lastKnownFileType = text.xcconfig; name = "Pods-NetworkingKit.release.xcconfig"; path = "Pods/Target Support Files/Pods-NetworkingKit/Pods-NetworkingKit.release.xcconfig"; sourceTree = "<group>"; };
		F002523DD10301F8AE2CFDDB /* Pods_pinned.framework */ = {isa = PBXFileReference; explicitFileType = wrapper.framework; includeInIndex = 0; path = Pods_pinned.framework; sourceTree = BUILT_PRODUCTS_DIR; };
		F6BDC900F43E0F5D3B325F30 /* Pods_HttpKIt.framework */ = {isa = PBXFileReference; explicitFileType = wrapper.framework; includeInIndex = 0; path = Pods_HttpKIt.framework; sourceTree = BUILT_PRODUCTS_DIR; };
		F935EA5B6AD8AA59AD17F2E8 /* Pods_pinnedShareExtension.framework */ = {isa = PBXFileReference; explicitFileType = wrapper.framework; includeInIndex = 0; path = Pods_pinnedShareExtension.framework; sourceTree = BUILT_PRODUCTS_DIR; };
/* End PBXFileReference section */

/* Begin PBXFrameworksBuildPhase section */
		043204571E8CDED2002706B8 /* Frameworks */ = {
			isa = PBXFrameworksBuildPhase;
			buildActionMask = 2147483647;
			files = (
				81C82F4E300BD2CDF2C5C4A8 /* Pods_pinned.framework in Frameworks */,
				046D42391E9CD2C400624E77 /* NetworkingKit.framework in Frameworks */,
			);
			runOnlyForDeploymentPostprocessing = 0;
		};
		046D41D91E9CC15700624E77 /* Frameworks */ = {
			isa = PBXFrameworksBuildPhase;
			buildActionMask = 2147483647;
			files = (
				046D42411E9CD2EE00624E77 /* NetworkingKit.framework in Frameworks */,
				21581CF1FE5F98554948B7A1 /* Pods_pinnedShareExtension.framework in Frameworks */,
			);
			runOnlyForDeploymentPostprocessing = 0;
		};
		046D42201E9CD2BF00624E77 /* Frameworks */ = {
			isa = PBXFrameworksBuildPhase;
			buildActionMask = 2147483647;
			files = (
				A19DABF3A749B564B8911FB2 /* Pods_NetworkingKit.framework in Frameworks */,
			);
			runOnlyForDeploymentPostprocessing = 0;
		};
		046D42291E9CD2C200624E77 /* Frameworks */ = {
			isa = PBXFrameworksBuildPhase;
			buildActionMask = 2147483647;
			files = (
				046D422D1E9CD2C400624E77 /* NetworkingKit.framework in Frameworks */,
			);
			runOnlyForDeploymentPostprocessing = 0;
		};
/* End PBXFrameworksBuildPhase section */

/* Begin PBXGroup section */
		043204511E8CDED2002706B8 = {
			isa = PBXGroup;
			children = (
				0432045C1E8CDED3002706B8 /* pinned */,
				046D41DD1E9CC15800624E77 /* pinnedShareExtension */,
				046D42251E9CD2C200624E77 /* NetworkingKit */,
				046D42321E9CD2C400624E77 /* NetworkingKitTests */,
				0432045B1E8CDED3002706B8 /* Products */,
				6CE03DB27D84ADA46E2DCC2B /* Pods */,
				92F28B42EFC7E5E2D2DBF24F /* Frameworks */,
			);
			sourceTree = "<group>";
		};
		0432045B1E8CDED3002706B8 /* Products */ = {
			isa = PBXGroup;
			children = (
				0432045A1E8CDED3002706B8 /* pinned.app */,
				046D41DC1E9CC15700624E77 /* pinnedShareExtension.appex */,
				046D42241E9CD2C000624E77 /* NetworkingKit.framework */,
				046D422C1E9CD2C200624E77 /* NetworkingKitTests.xctest */,
			);
			name = Products;
			sourceTree = "<group>";
		};
		0432045C1E8CDED3002706B8 /* pinned */ = {
			isa = PBXGroup;
			children = (
				046D42161E9CC9CE00624E77 /* pinned.entitlements */,
				046D41D31E9C81D200624E77 /* Constant */,
				04EECA631E8E3F6C00A81CEE /* extension */,
				04EECA5E1E8E2D1700A81CEE /* Http */,
				04EECA5D1E8E24FB00A81CEE /* ViewController */,
				04EECA5A1E8E24D500A81CEE /* Storyboard */,
				043204761E8CFC35002706B8 /* Utility */,
				043204701E8CF3E2002706B8 /* 1Password */,
				0432045D1E8CDED3002706B8 /* AppDelegate.swift */,
				0432045F1E8CDED3002706B8 /* ViewController.swift */,
				043204641E8CDED3002706B8 /* Assets.xcassets */,
				043204661E8CDED3002706B8 /* LaunchScreen.storyboard */,
				043204691E8CDED3002706B8 /* Info.plist */,
				0432046F1E8CF33B002706B8 /* OCHeader.h */,
			);
			path = pinned;
			sourceTree = "<group>";
		};
		043204701E8CF3E2002706B8 /* 1Password */ = {
			isa = PBXGroup;
			children = (
				043204711E8CF3F6002706B8 /* 1Password.xcassets */,
				043204721E8CF3F6002706B8 /* OnePasswordExtension.h */,
				043204731E8CF3F6002706B8 /* OnePasswordExtension.m */,
			);
			name = 1Password;
			sourceTree = "<group>";
		};
		043204761E8CFC35002706B8 /* Utility */ = {
			isa = PBXGroup;
			children = (
				043204771E8DEA77002706B8 /* CacheData.swift */,
			);
			name = Utility;
			sourceTree = "<group>";
		};
		046D41C51E9B742300624E77 /* Tags */ = {
			isa = PBXGroup;
			children = (
				046D41C61E9B744700624E77 /* TagsTableViewController.swift */,
				046D41CA1E9B751C00624E77 /* TagsTableViewCell.swift */,
				046D41CC1E9B7A7900624E77 /* TagInfoTableViewController.swift */,
				046D41CE1E9B7B5300624E77 /* TagInfoTableViewCell.swift */,
			);
			name = Tags;
			sourceTree = "<group>";
		};
		046D41D01E9C74EC00624E77 /* Recent */ = {
			isa = PBXGroup;
			children = (
				046D41D11E9C751100624E77 /* RecentTableViewController.swift */,
			);
			name = Recent;
			sourceTree = "<group>";
		};
		046D41D31E9C81D200624E77 /* Constant */ = {
			isa = PBXGroup;
			children = (
				046D41D41E9C81E900624E77 /* Constant.swift */,
			);
			name = Constant;
			sourceTree = "<group>";
		};
		046D41DD1E9CC15800624E77 /* pinnedShareExtension */ = {
			isa = PBXGroup;
			children = (
				046D41DE1E9CC15800624E77 /* ShareViewController.swift */,
				046D41E01E9CC15800624E77 /* MainInterface.storyboard */,
				046D41E31E9CC15800624E77 /* Info.plist */,
			);
			path = pinnedShareExtension;
			sourceTree = "<group>";
		};
		046D42251E9CD2C200624E77 /* NetworkingKit */ = {
			isa = PBXGroup;
			children = (
				046D42261E9CD2C200624E77 /* NetworkingKit.h */,
				046D42271E9CD2C200624E77 /* Info.plist */,
			);
			path = NetworkingKit;
			sourceTree = "<group>";
		};
		046D42321E9CD2C400624E77 /* NetworkingKitTests */ = {
			isa = PBXGroup;
			children = (
				046D42331E9CD2C400624E77 /* NetworkingKitTests.swift */,
				046D42351E9CD2C400624E77 /* Info.plist */,
			);
			path = NetworkingKitTests;
			sourceTree = "<group>";
		};
		047486161E94E0F6004093D3 /* All */ = {
			isa = PBXGroup;
			children = (
				047486171E94E11E004093D3 /* AllMainTableViewController.swift */,
				04BF10951E9611FC00FEC2C8 /* AllMainTableViewCell.swift */,
				04BF109B1E9767D700FEC2C8 /* AllMainNewCollectionViewCell.swift */,
				04BF109C1E9767D700FEC2C8 /* AllMainNewCollectionViewCell.xib */,
				04BF10971E963A3E00FEC2C8 /* AllMainCollectionViewCell.swift */,
				04BF10991E97242200FEC2C8 /* AllMainUICollectionView.swift */,
				046D41D61E9CA82A00624E77 /* AddURLViewController.swift */,
			);
			name = All;
			sourceTree = "<group>";
		};
		04EECA5A1E8E24D500A81CEE /* Storyboard */ = {
			isa = PBXGroup;
			children = (
				043204611E8CDED3002706B8 /* Main.storyboard */,
				04EECA5B1E8E24EA00A81CEE /* Login.storyboard */,
				0474860A1E94D78A004093D3 /* All.storyboard */,
				0474860C1E94D82B004093D3 /* Tags.storyboard */,
				0474860E1E94DB40004093D3 /* Mark.storyboard */,
				047486141E94E040004093D3 /* Other.storyboard */,
			);
			name = Storyboard;
			sourceTree = "<group>";
		};
		04EECA5D1E8E24FB00A81CEE /* ViewController */ = {
			isa = PBXGroup;
			children = (
				046D41D01E9C74EC00624E77 /* Recent */,
				046D41C51E9B742300624E77 /* Tags */,
				047486161E94E0F6004093D3 /* All */,
				0432047B1E8E06D1002706B8 /* LoginViewController.swift */,
				04EECA611E8E3C2500A81CEE /* BaseViewController.swift */,
				047486121E94DBEF004093D3 /* MainViewController.swift */,
				047486191E94E518004093D3 /* BaseTableViewController.swift */,
			);
			name = ViewController;
			sourceTree = "<group>";
		};
		04EECA5E1E8E2D1700A81CEE /* Http */ = {
			isa = PBXGroup;
			children = (
				04EECA5F1E8E2D2C00A81CEE /* AFAppDotNetAPIClient.swift */,
			);
			name = Http;
			sourceTree = "<group>";
		};
		04EECA631E8E3F6C00A81CEE /* extension */ = {
			isa = PBXGroup;
			children = (
				04EECA661E8E3FA300A81CEE /* StringExtension.swift */,
			);
			name = extension;
			sourceTree = "<group>";
		};
		6CE03DB27D84ADA46E2DCC2B /* Pods */ = {
			isa = PBXGroup;
			children = (
				3E8B02F8495A9877F7FA02F6 /* Pods-pinned.debug.xcconfig */,
				79DA0FE1A4CAF0288DE49170 /* Pods-pinned.release.xcconfig */,
				4AEF963F6EFFA407F1C04A90 /* Pods-pinnedShareExtension.debug.xcconfig */,
				B0CEFAB47F8CB896C338B006 /* Pods-pinnedShareExtension.release.xcconfig */,
				2530FBCE2C238983B8505523 /* Pods-NetworkingKit.debug.xcconfig */,
				E4C9A1A161279CC8653DB33F /* Pods-NetworkingKit.release.xcconfig */,
			);
			name = Pods;
			sourceTree = "<group>";
		};
		92F28B42EFC7E5E2D2DBF24F /* Frameworks */ = {
			isa = PBXGroup;
			children = (
				046D42131E9CC89400624E77 /* AFNetworking.framework */,
				F002523DD10301F8AE2CFDDB /* Pods_pinned.framework */,
				F6BDC900F43E0F5D3B325F30 /* Pods_HttpKIt.framework */,
				F935EA5B6AD8AA59AD17F2E8 /* Pods_pinnedShareExtension.framework */,
				5F4FBFC6632F9AA043BFC735 /* Pods_NetworkingKit.framework */,
			);
			name = Frameworks;
			sourceTree = "<group>";
		};
/* End PBXGroup section */

/* Begin PBXHeadersBuildPhase section */
		046D42211E9CD2BF00624E77 /* Headers */ = {
			isa = PBXHeadersBuildPhase;
			buildActionMask = 2147483647;
			files = (
				046D42361E9CD2C400624E77 /* NetworkingKit.h in Headers */,
			);
			runOnlyForDeploymentPostprocessing = 0;
		};
/* End PBXHeadersBuildPhase section */

/* Begin PBXNativeTarget section */
		043204591E8CDED2002706B8 /* pinned */ = {
			isa = PBXNativeTarget;
			buildConfigurationList = 0432046C1E8CDED3002706B8 /* Build configuration list for PBXNativeTarget "pinned" */;
			buildPhases = (
				3360C2793E732BD6C103812C /* [CP] Check Pods Manifest.lock */,
				043204561E8CDED2002706B8 /* Sources */,
				043204571E8CDED2002706B8 /* Frameworks */,
				043204581E8CDED2002706B8 /* Resources */,
				A8F941D4DC4BD0930E9771BF /* [CP] Embed Pods Frameworks */,
				C435CD6B47DBEEC47C43AB4F /* [CP] Copy Pods Resources */,
				046D41EA1E9CC15800624E77 /* Embed App Extensions */,
				046D420A1E9CC5B900624E77 /* Embed Frameworks */,
			);
			buildRules = (
			);
			dependencies = (
				046D41E51E9CC15800624E77 /* PBXTargetDependency */,
				046D42381E9CD2C400624E77 /* PBXTargetDependency */,
			);
			name = pinned;
			productName = pinned;
			productReference = 0432045A1E8CDED3002706B8 /* pinned.app */;
			productType = "com.apple.product-type.application";
		};
		046D41DB1E9CC15700624E77 /* pinnedShareExtension */ = {
			isa = PBXNativeTarget;
			buildConfigurationList = 046D41E71E9CC15800624E77 /* Build configuration list for PBXNativeTarget "pinnedShareExtension" */;
			buildPhases = (
				68E7FF8C8671047E296165E4 /* [CP] Check Pods Manifest.lock */,
				046D41D81E9CC15700624E77 /* Sources */,
				046D41D91E9CC15700624E77 /* Frameworks */,
				046D41DA1E9CC15700624E77 /* Resources */,
				B9AF0B5E341D749E96FE01DF /* [CP] Copy Pods Resources */,
			);
			buildRules = (
			);
			dependencies = (
			);
			name = pinnedShareExtension;
			productName = pinnedShareExtension;
			productReference = 046D41DC1E9CC15700624E77 /* pinnedShareExtension.appex */;
			productType = "com.apple.product-type.app-extension";
		};
		046D42231E9CD2BF00624E77 /* NetworkingKit */ = {
			isa = PBXNativeTarget;
			buildConfigurationList = 046D423B1E9CD2C400624E77 /* Build configuration list for PBXNativeTarget "NetworkingKit" */;
			buildPhases = (
				34391C221D8503636768D325 /* [CP] Check Pods Manifest.lock */,
				046D421F1E9CD2BF00624E77 /* Sources */,
				046D42201E9CD2BF00624E77 /* Frameworks */,
				046D42211E9CD2BF00624E77 /* Headers */,
				046D42221E9CD2BF00624E77 /* Resources */,
				024D6ED51C2FAFF1ECC1E59D /* [CP] Copy Pods Resources */,
			);
			buildRules = (
			);
			dependencies = (
			);
			name = NetworkingKit;
			productName = NetworkingKit;
			productReference = 046D42241E9CD2C000624E77 /* NetworkingKit.framework */;
			productType = "com.apple.product-type.framework";
		};
		046D422B1E9CD2C200624E77 /* NetworkingKitTests */ = {
			isa = PBXNativeTarget;
			buildConfigurationList = 046D423E1E9CD2C400624E77 /* Build configuration list for PBXNativeTarget "NetworkingKitTests" */;
			buildPhases = (
				046D42281E9CD2C200624E77 /* Sources */,
				046D42291E9CD2C200624E77 /* Frameworks */,
				046D422A1E9CD2C200624E77 /* Resources */,
			);
			buildRules = (
			);
			dependencies = (
				046D422F1E9CD2C400624E77 /* PBXTargetDependency */,
				046D42311E9CD2C400624E77 /* PBXTargetDependency */,
			);
			name = NetworkingKitTests;
			productName = NetworkingKitTests;
			productReference = 046D422C1E9CD2C200624E77 /* NetworkingKitTests.xctest */;
			productType = "com.apple.product-type.bundle.unit-test";
		};
/* End PBXNativeTarget section */

/* Begin PBXProject section */
		043204521E8CDED2002706B8 /* Project object */ = {
			isa = PBXProject;
			attributes = {
				LastSwiftUpdateCheck = 0830;
				LastUpgradeCheck = 0820;
				ORGANIZATIONNAME = "Kun Soup";
				TargetAttributes = {
					043204591E8CDED2002706B8 = {
						CreatedOnToolsVersion = 8.2;
						DevelopmentTeam = 56ZD4J8FQ5;
						ProvisioningStyle = Automatic;
						SystemCapabilities = {
							com.apple.ApplicationGroups.iOS = {
								enabled = 1;
							};
						};
					};
					046D41DB1E9CC15700624E77 = {
						CreatedOnToolsVersion = 8.3.1;
						DevelopmentTeam = 56ZD4J8FQ5;
						ProvisioningStyle = Automatic;
					};
					046D42231E9CD2BF00624E77 = {
						CreatedOnToolsVersion = 8.3.1;
						DevelopmentTeam = 56ZD4J8FQ5;
						ProvisioningStyle = Automatic;
					};
					046D422B1E9CD2C200624E77 = {
						CreatedOnToolsVersion = 8.3.1;
						ProvisioningStyle = Automatic;
						TestTargetID = 043204591E8CDED2002706B8;
					};
				};
			};
			buildConfigurationList = 043204551E8CDED2002706B8 /* Build configuration list for PBXProject "pinned" */;
			compatibilityVersion = "Xcode 3.2";
			developmentRegion = English;
			hasScannedForEncodings = 0;
			knownRegions = (
				en,
				Base,
			);
			mainGroup = 043204511E8CDED2002706B8;
			productRefGroup = 0432045B1E8CDED3002706B8 /* Products */;
			projectDirPath = "";
			projectRoot = "";
			targets = (
				043204591E8CDED2002706B8 /* pinned */,
				046D41DB1E9CC15700624E77 /* pinnedShareExtension */,
				046D42231E9CD2BF00624E77 /* NetworkingKit */,
				046D422B1E9CD2C200624E77 /* NetworkingKitTests */,
			);
		};
/* End PBXProject section */

/* Begin PBXResourcesBuildPhase section */
		043204581E8CDED2002706B8 /* Resources */ = {
			isa = PBXResourcesBuildPhase;
			buildActionMask = 2147483647;
			files = (
				04BF109E1E9767D700FEC2C8 /* AllMainNewCollectionViewCell.xib in Resources */,
				043204681E8CDED3002706B8 /* LaunchScreen.storyboard in Resources */,
				0474860F1E94DB40004093D3 /* Mark.storyboard in Resources */,
				047486151E94E040004093D3 /* Other.storyboard in Resources */,
				043204651E8CDED3002706B8 /* Assets.xcassets in Resources */,
				0474860D1E94D82B004093D3 /* Tags.storyboard in Resources */,
				043204741E8CF3F6002706B8 /* 1Password.xcassets in Resources */,
				04EECA5C1E8E24EA00A81CEE /* Login.storyboard in Resources */,
				0474860B1E94D78A004093D3 /* All.storyboard in Resources */,
				043204631E8CDED3002706B8 /* Main.storyboard in Resources */,
			);
			runOnlyForDeploymentPostprocessing = 0;
		};
		046D41DA1E9CC15700624E77 /* Resources */ = {
			isa = PBXResourcesBuildPhase;
			buildActionMask = 2147483647;
			files = (
				046D41E21E9CC15800624E77 /* MainInterface.storyboard in Resources */,
			);
			runOnlyForDeploymentPostprocessing = 0;
		};
		046D42221E9CD2BF00624E77 /* Resources */ = {
			isa = PBXResourcesBuildPhase;
			buildActionMask = 2147483647;
			files = (
			);
			runOnlyForDeploymentPostprocessing = 0;
		};
		046D422A1E9CD2C200624E77 /* Resources */ = {
			isa = PBXResourcesBuildPhase;
			buildActionMask = 2147483647;
			files = (
			);
			runOnlyForDeploymentPostprocessing = 0;
		};
/* End PBXResourcesBuildPhase section */

/* Begin PBXShellScriptBuildPhase section */
		024D6ED51C2FAFF1ECC1E59D /* [CP] Copy Pods Resources */ = {
			isa = PBXShellScriptBuildPhase;
			buildActionMask = 2147483647;
			files = (
			);
			inputPaths = (
			);
			name = "[CP] Copy Pods Resources";
			outputPaths = (
			);
			runOnlyForDeploymentPostprocessing = 0;
			shellPath = /bin/sh;
			shellScript = "\"${SRCROOT}/Pods/Target Support Files/Pods-NetworkingKit/Pods-NetworkingKit-resources.sh\"\n";
			showEnvVarsInLog = 0;
		};
		3360C2793E732BD6C103812C /* [CP] Check Pods Manifest.lock */ = {
			isa = PBXShellScriptBuildPhase;
			buildActionMask = 2147483647;
			files = (
			);
			inputPaths = (
			);
			name = "[CP] Check Pods Manifest.lock";
			outputPaths = (
			);
			runOnlyForDeploymentPostprocessing = 0;
			shellPath = /bin/sh;
			shellScript = "diff \"${PODS_ROOT}/../Podfile.lock\" \"${PODS_ROOT}/Manifest.lock\" > /dev/null\nif [ $? != 0 ] ; then\n    # print error to STDERR\n    echo \"error: The sandbox is not in sync with the Podfile.lock. Run 'pod install' or update your CocoaPods installation.\" >&2\n    exit 1\nfi\n";
			showEnvVarsInLog = 0;
		};
		34391C221D8503636768D325 /* [CP] Check Pods Manifest.lock */ = {
			isa = PBXShellScriptBuildPhase;
			buildActionMask = 2147483647;
			files = (
			);
			inputPaths = (
			);
			name = "[CP] Check Pods Manifest.lock";
			outputPaths = (
			);
			runOnlyForDeploymentPostprocessing = 0;
			shellPath = /bin/sh;
			shellScript = "diff \"${PODS_ROOT}/../Podfile.lock\" \"${PODS_ROOT}/Manifest.lock\" > /dev/null\nif [ $? != 0 ] ; then\n    # print error to STDERR\n    echo \"error: The sandbox is not in sync with the Podfile.lock. Run 'pod install' or update your CocoaPods installation.\" >&2\n    exit 1\nfi\n";
			showEnvVarsInLog = 0;
		};
		68E7FF8C8671047E296165E4 /* [CP] Check Pods Manifest.lock */ = {
			isa = PBXShellScriptBuildPhase;
			buildActionMask = 2147483647;
			files = (
			);
			inputPaths = (
			);
			name = "[CP] Check Pods Manifest.lock";
			outputPaths = (
			);
			runOnlyForDeploymentPostprocessing = 0;
			shellPath = /bin/sh;
			shellScript = "diff \"${PODS_ROOT}/../Podfile.lock\" \"${PODS_ROOT}/Manifest.lock\" > /dev/null\nif [ $? != 0 ] ; then\n    # print error to STDERR\n    echo \"error: The sandbox is not in sync with the Podfile.lock. Run 'pod install' or update your CocoaPods installation.\" >&2\n    exit 1\nfi\n";
			showEnvVarsInLog = 0;
		};
		A8F941D4DC4BD0930E9771BF /* [CP] Embed Pods Frameworks */ = {
			isa = PBXShellScriptBuildPhase;
			buildActionMask = 2147483647;
			files = (
			);
			inputPaths = (
			);
			name = "[CP] Embed Pods Frameworks";
			outputPaths = (
			);
			runOnlyForDeploymentPostprocessing = 0;
			shellPath = /bin/sh;
			shellScript = "\"${SRCROOT}/Pods/Target Support Files/Pods-pinned/Pods-pinned-frameworks.sh\"\n";
			showEnvVarsInLog = 0;
		};
		B9AF0B5E341D749E96FE01DF /* [CP] Copy Pods Resources */ = {
			isa = PBXShellScriptBuildPhase;
			buildActionMask = 2147483647;
			files = (
			);
			inputPaths = (
			);
			name = "[CP] Copy Pods Resources";
			outputPaths = (
			);
			runOnlyForDeploymentPostprocessing = 0;
			shellPath = /bin/sh;
			shellScript = "\"${SRCROOT}/Pods/Target Support Files/Pods-pinnedShareExtension/Pods-pinnedShareExtension-resources.sh\"\n";
			showEnvVarsInLog = 0;
		};
		C435CD6B47DBEEC47C43AB4F /* [CP] Copy Pods Resources */ = {
			isa = PBXShellScriptBuildPhase;
			buildActionMask = 2147483647;
			files = (
			);
			inputPaths = (
			);
			name = "[CP] Copy Pods Resources";
			outputPaths = (
			);
			runOnlyForDeploymentPostprocessing = 0;
			shellPath = /bin/sh;
			shellScript = "\"${SRCROOT}/Pods/Target Support Files/Pods-pinned/Pods-pinned-resources.sh\"\n";
			showEnvVarsInLog = 0;
		};
/* End PBXShellScriptBuildPhase section */

/* Begin PBXSourcesBuildPhase section */
		043204561E8CDED2002706B8 /* Sources */ = {
			isa = PBXSourcesBuildPhase;
			buildActionMask = 2147483647;
			files = (
				043204781E8DEA77002706B8 /* CacheData.swift in Sources */,
				043204751E8CF3F6002706B8 /* OnePasswordExtension.m in Sources */,
				04EECA601E8E2D2C00A81CEE /* AFAppDotNetAPIClient.swift in Sources */,
				043204601E8CDED3002706B8 /* ViewController.swift in Sources */,
				046D41D71E9CA82A00624E77 /* AddURLViewController.swift in Sources */,
				04BF10981E963A3E00FEC2C8 /* AllMainCollectionViewCell.swift in Sources */,
				04BF109A1E97242200FEC2C8 /* AllMainUICollectionView.swift in Sources */,
				046D41D21E9C751100624E77 /* RecentTableViewController.swift in Sources */,
				04EECA671E8E3FA300A81CEE /* StringExtension.swift in Sources */,
				046D41CF1E9B7B5300624E77 /* TagInfoTableViewCell.swift in Sources */,
				0432047D1E8E06D1002706B8 /* LoginViewController.swift in Sources */,
				047486181E94E11E004093D3 /* AllMainTableViewController.swift in Sources */,
				047486131E94DBEF004093D3 /* MainViewController.swift in Sources */,
				046D41CD1E9B7A7900624E77 /* TagInfoTableViewController.swift in Sources */,
				04BF109D1E9767D700FEC2C8 /* AllMainNewCollectionViewCell.swift in Sources */,
				046D41D51E9C81E900624E77 /* Constant.swift in Sources */,
				04EECA621E8E3C2500A81CEE /* BaseViewController.swift in Sources */,
				0474861A1E94E518004093D3 /* BaseTableViewController.swift in Sources */,
				04BF10961E9611FC00FEC2C8 /* AllMainTableViewCell.swift in Sources */,
				046D41C71E9B744700624E77 /* TagsTableViewController.swift in Sources */,
				046D41CB1E9B751C00624E77 /* TagsTableViewCell.swift in Sources */,
				0432045E1E8CDED3002706B8 /* AppDelegate.swift in Sources */,
			);
			runOnlyForDeploymentPostprocessing = 0;
		};
		046D41D81E9CC15700624E77 /* Sources */ = {
			isa = PBXSourcesBuildPhase;
			buildActionMask = 2147483647;
			files = (
				046D41DF1E9CC15800624E77 /* ShareViewController.swift in Sources */,
			);
			runOnlyForDeploymentPostprocessing = 0;
		};
		046D421F1E9CD2BF00624E77 /* Sources */ = {
			isa = PBXSourcesBuildPhase;
			buildActionMask = 2147483647;
			files = (
				046D42421E9CD33300624E77 /* AFAppDotNetAPIClient.swift in Sources */,
			);
			runOnlyForDeploymentPostprocessing = 0;
		};
		046D42281E9CD2C200624E77 /* Sources */ = {
			isa = PBXSourcesBuildPhase;
			buildActionMask = 2147483647;
			files = (
				046D42341E9CD2C400624E77 /* NetworkingKitTests.swift in Sources */,
			);
			runOnlyForDeploymentPostprocessing = 0;
		};
/* End PBXSourcesBuildPhase section */

/* Begin PBXTargetDependency section */
		046D41E51E9CC15800624E77 /* PBXTargetDependency */ = {
			isa = PBXTargetDependency;
			target = 046D41DB1E9CC15700624E77 /* pinnedShareExtension */;
			targetProxy = 046D41E41E9CC15800624E77 /* PBXContainerItemProxy */;
		};
		046D422F1E9CD2C400624E77 /* PBXTargetDependency */ = {
			isa = PBXTargetDependency;
			target = 046D42231E9CD2BF00624E77 /* NetworkingKit */;
			targetProxy = 046D422E1E9CD2C400624E77 /* PBXContainerItemProxy */;
		};
		046D42311E9CD2C400624E77 /* PBXTargetDependency */ = {
			isa = PBXTargetDependency;
			target = 043204591E8CDED2002706B8 /* pinned */;
			targetProxy = 046D42301E9CD2C400624E77 /* PBXContainerItemProxy */;
		};
		046D42381E9CD2C400624E77 /* PBXTargetDependency */ = {
			isa = PBXTargetDependency;
			target = 046D42231E9CD2BF00624E77 /* NetworkingKit */;
			targetProxy = 046D42371E9CD2C400624E77 /* PBXContainerItemProxy */;
		};
/* End PBXTargetDependency section */

/* Begin PBXVariantGroup section */
		043204611E8CDED3002706B8 /* Main.storyboard */ = {
			isa = PBXVariantGroup;
			children = (
				043204621E8CDED3002706B8 /* Base */,
			);
			name = Main.storyboard;
			sourceTree = "<group>";
		};
		043204661E8CDED3002706B8 /* LaunchScreen.storyboard */ = {
			isa = PBXVariantGroup;
			children = (
				043204671E8CDED3002706B8 /* Base */,
			);
			name = LaunchScreen.storyboard;
			sourceTree = "<group>";
		};
		046D41E01E9CC15800624E77 /* MainInterface.storyboard */ = {
			isa = PBXVariantGroup;
			children = (
				046D41E11E9CC15800624E77 /* Base */,
			);
			name = MainInterface.storyboard;
			sourceTree = "<group>";
		};
/* End PBXVariantGroup section */

/* Begin XCBuildConfiguration section */
		0432046A1E8CDED3002706B8 /* Debug */ = {
			isa = XCBuildConfiguration;
			buildSettings = {
				ALWAYS_SEARCH_USER_PATHS = NO;
				CLANG_ANALYZER_NONNULL = YES;
				CLANG_CXX_LANGUAGE_STANDARD = "gnu++0x";
				CLANG_CXX_LIBRARY = "libc++";
				CLANG_ENABLE_MODULES = YES;
				CLANG_ENABLE_OBJC_ARC = YES;
				CLANG_WARN_BOOL_CONVERSION = YES;
				CLANG_WARN_CONSTANT_CONVERSION = YES;
				CLANG_WARN_DIRECT_OBJC_ISA_USAGE = YES_ERROR;
				CLANG_WARN_DOCUMENTATION_COMMENTS = YES;
				CLANG_WARN_EMPTY_BODY = YES;
				CLANG_WARN_ENUM_CONVERSION = YES;
				CLANG_WARN_INFINITE_RECURSION = YES;
				CLANG_WARN_INT_CONVERSION = YES;
				CLANG_WARN_OBJC_ROOT_CLASS = YES_ERROR;
				CLANG_WARN_SUSPICIOUS_MOVE = YES;
				CLANG_WARN_UNREACHABLE_CODE = YES;
				CLANG_WARN__DUPLICATE_METHOD_MATCH = YES;
				"CODE_SIGN_IDENTITY[sdk=iphoneos*]" = "iPhone Developer";
				COPY_PHASE_STRIP = NO;
				DEBUG_INFORMATION_FORMAT = dwarf;
				ENABLE_STRICT_OBJC_MSGSEND = YES;
				ENABLE_TESTABILITY = YES;
				GCC_C_LANGUAGE_STANDARD = gnu99;
				GCC_DYNAMIC_NO_PIC = NO;
				GCC_NO_COMMON_BLOCKS = YES;
				GCC_OPTIMIZATION_LEVEL = 0;
				GCC_PREPROCESSOR_DEFINITIONS = (
					"DEBUG=1",
					"$(inherited)",
				);
				GCC_WARN_64_TO_32_BIT_CONVERSION = YES;
				GCC_WARN_ABOUT_RETURN_TYPE = YES_ERROR;
				GCC_WARN_UNDECLARED_SELECTOR = YES;
				GCC_WARN_UNINITIALIZED_AUTOS = YES_AGGRESSIVE;
				GCC_WARN_UNUSED_FUNCTION = YES;
				GCC_WARN_UNUSED_VARIABLE = YES;
				IPHONEOS_DEPLOYMENT_TARGET = 10.2;
				MTL_ENABLE_DEBUG_INFO = YES;
				ONLY_ACTIVE_ARCH = YES;
				SDKROOT = iphoneos;
				SWIFT_ACTIVE_COMPILATION_CONDITIONS = DEBUG;
				SWIFT_OPTIMIZATION_LEVEL = "-Onone";
				TARGETED_DEVICE_FAMILY = "1,2";
			};
			name = Debug;
		};
		0432046B1E8CDED3002706B8 /* Release */ = {
			isa = XCBuildConfiguration;
			buildSettings = {
				ALWAYS_SEARCH_USER_PATHS = NO;
				CLANG_ANALYZER_NONNULL = YES;
				CLANG_CXX_LANGUAGE_STANDARD = "gnu++0x";
				CLANG_CXX_LIBRARY = "libc++";
				CLANG_ENABLE_MODULES = YES;
				CLANG_ENABLE_OBJC_ARC = YES;
				CLANG_WARN_BOOL_CONVERSION = YES;
				CLANG_WARN_CONSTANT_CONVERSION = YES;
				CLANG_WARN_DIRECT_OBJC_ISA_USAGE = YES_ERROR;
				CLANG_WARN_DOCUMENTATION_COMMENTS = YES;
				CLANG_WARN_EMPTY_BODY = YES;
				CLANG_WARN_ENUM_CONVERSION = YES;
				CLANG_WARN_INFINITE_RECURSION = YES;
				CLANG_WARN_INT_CONVERSION = YES;
				CLANG_WARN_OBJC_ROOT_CLASS = YES_ERROR;
				CLANG_WARN_SUSPICIOUS_MOVE = YES;
				CLANG_WARN_UNREACHABLE_CODE = YES;
				CLANG_WARN__DUPLICATE_METHOD_MATCH = YES;
				"CODE_SIGN_IDENTITY[sdk=iphoneos*]" = "iPhone Developer";
				COPY_PHASE_STRIP = NO;
				DEBUG_INFORMATION_FORMAT = "dwarf-with-dsym";
				ENABLE_NS_ASSERTIONS = NO;
				ENABLE_STRICT_OBJC_MSGSEND = YES;
				GCC_C_LANGUAGE_STANDARD = gnu99;
				GCC_NO_COMMON_BLOCKS = YES;
				GCC_WARN_64_TO_32_BIT_CONVERSION = YES;
				GCC_WARN_ABOUT_RETURN_TYPE = YES_ERROR;
				GCC_WARN_UNDECLARED_SELECTOR = YES;
				GCC_WARN_UNINITIALIZED_AUTOS = YES_AGGRESSIVE;
				GCC_WARN_UNUSED_FUNCTION = YES;
				GCC_WARN_UNUSED_VARIABLE = YES;
				IPHONEOS_DEPLOYMENT_TARGET = 10.2;
				MTL_ENABLE_DEBUG_INFO = NO;
				SDKROOT = iphoneos;
				SWIFT_OPTIMIZATION_LEVEL = "-Owholemodule";
				TARGETED_DEVICE_FAMILY = "1,2";
				VALIDATE_PRODUCT = YES;
			};
			name = Release;
		};
		0432046D1E8CDED3002706B8 /* Debug */ = {
			isa = XCBuildConfiguration;
			baseConfigurationReference = 3E8B02F8495A9877F7FA02F6 /* Pods-pinned.debug.xcconfig */;
			buildSettings = {
				ALWAYS_EMBED_SWIFT_STANDARD_LIBRARIES = YES;
				ASSETCATALOG_COMPILER_APPICON_NAME = AppIcon;
				CODE_SIGN_ENTITLEMENTS = pinned/pinned.entitlements;
				DEVELOPMENT_TEAM = 56ZD4J8FQ5;
				INFOPLIST_FILE = pinned/Info.plist;
				IPHONEOS_DEPLOYMENT_TARGET = 10.0;
				LD_RUNPATH_SEARCH_PATHS = "$(inherited) @executable_path/Frameworks";
				PRODUCT_BUNDLE_IDENTIFIER = com.soup.pinned;
				PRODUCT_NAME = "$(TARGET_NAME)";
				SWIFT_OBJC_BRIDGING_HEADER = pinned/OCHeader.h;
				SWIFT_VERSION = 3.0;
			};
			name = Debug;
		};
		0432046E1E8CDED3002706B8 /* Release */ = {
			isa = XCBuildConfiguration;
			baseConfigurationReference = 79DA0FE1A4CAF0288DE49170 /* Pods-pinned.release.xcconfig */;
			buildSettings = {
				ALWAYS_EMBED_SWIFT_STANDARD_LIBRARIES = YES;
				ASSETCATALOG_COMPILER_APPICON_NAME = AppIcon;
				CODE_SIGN_ENTITLEMENTS = pinned/pinned.entitlements;
				DEVELOPMENT_TEAM = 56ZD4J8FQ5;
				INFOPLIST_FILE = pinned/Info.plist;
				IPHONEOS_DEPLOYMENT_TARGET = 10.0;
				LD_RUNPATH_SEARCH_PATHS = "$(inherited) @executable_path/Frameworks";
				PRODUCT_BUNDLE_IDENTIFIER = com.soup.pinned;
				PRODUCT_NAME = "$(TARGET_NAME)";
				SWIFT_OBJC_BRIDGING_HEADER = pinned/OCHeader.h;
				SWIFT_VERSION = 3.0;
			};
			name = Release;
		};
		046D41E81E9CC15800624E77 /* Debug */ = {
			isa = XCBuildConfiguration;
			baseConfigurationReference = 4AEF963F6EFFA407F1C04A90 /* Pods-pinnedShareExtension.debug.xcconfig */;
			buildSettings = {
				CLANG_ANALYZER_NUMBER_OBJECT_CONVERSION = YES_AGGRESSIVE;
				DEVELOPMENT_TEAM = 56ZD4J8FQ5;
				INFOPLIST_FILE = pinnedShareExtension/Info.plist;
				IPHONEOS_DEPLOYMENT_TARGET = 10.3;
				LD_RUNPATH_SEARCH_PATHS = "$(inherited) @executable_path/Frameworks @executable_path/../../Frameworks";
				PRODUCT_BUNDLE_IDENTIFIER = com.soup.pinned.pinnedShareExtension;
				PRODUCT_NAME = "$(TARGET_NAME)";
				SKIP_INSTALL = YES;
				SWIFT_VERSION = 3.0;
			};
			name = Debug;
		};
		046D41E91E9CC15800624E77 /* Release */ = {
			isa = XCBuildConfiguration;
			baseConfigurationReference = B0CEFAB47F8CB896C338B006 /* Pods-pinnedShareExtension.release.xcconfig */;
			buildSettings = {
				CLANG_ANALYZER_NUMBER_OBJECT_CONVERSION = YES_AGGRESSIVE;
				DEVELOPMENT_TEAM = 56ZD4J8FQ5;
				INFOPLIST_FILE = pinnedShareExtension/Info.plist;
				IPHONEOS_DEPLOYMENT_TARGET = 10.3;
				LD_RUNPATH_SEARCH_PATHS = "$(inherited) @executable_path/Frameworks @executable_path/../../Frameworks";
				PRODUCT_BUNDLE_IDENTIFIER = com.soup.pinned.pinnedShareExtension;
				PRODUCT_NAME = "$(TARGET_NAME)";
				SKIP_INSTALL = YES;
				SWIFT_VERSION = 3.0;
			};
			name = Release;
		};
		046D423C1E9CD2C400624E77 /* Debug */ = {
			isa = XCBuildConfiguration;
			baseConfigurationReference = 2530FBCE2C238983B8505523 /* Pods-NetworkingKit.debug.xcconfig */;
			buildSettings = {
				CLANG_ANALYZER_NUMBER_OBJECT_CONVERSION = YES_AGGRESSIVE;
				CODE_SIGN_IDENTITY = "";
				CURRENT_PROJECT_VERSION = 1;
				DEFINES_MODULE = YES;
				DEVELOPMENT_TEAM = 56ZD4J8FQ5;
				DYLIB_COMPATIBILITY_VERSION = 1;
				DYLIB_CURRENT_VERSION = 1;
				DYLIB_INSTALL_NAME_BASE = "@rpath";
				INFOPLIST_FILE = NetworkingKit/Info.plist;
				INSTALL_PATH = "$(LOCAL_LIBRARY_DIR)/Frameworks";
				IPHONEOS_DEPLOYMENT_TARGET = 10.3;
				LD_RUNPATH_SEARCH_PATHS = "$(inherited) @executable_path/Frameworks @loader_path/Frameworks";
				PRODUCT_BUNDLE_IDENTIFIER = com.soup.NetworkingKit;
				PRODUCT_NAME = "$(TARGET_NAME)";
				SKIP_INSTALL = YES;
				SWIFT_VERSION = 3.0;
				VERSIONING_SYSTEM = "apple-generic";
				VERSION_INFO_PREFIX = "";
			};
			name = Debug;
		};
		046D423D1E9CD2C400624E77 /* Release */ = {
			isa = XCBuildConfiguration;
			baseConfigurationReference = E4C9A1A161279CC8653DB33F /* Pods-NetworkingKit.release.xcconfig */;
			buildSettings = {
				CLANG_ANALYZER_NUMBER_OBJECT_CONVERSION = YES_AGGRESSIVE;
				CODE_SIGN_IDENTITY = "";
				CURRENT_PROJECT_VERSION = 1;
				DEFINES_MODULE = YES;
				DEVELOPMENT_TEAM = 56ZD4J8FQ5;
				DYLIB_COMPATIBILITY_VERSION = 1;
				DYLIB_CURRENT_VERSION = 1;
				DYLIB_INSTALL_NAME_BASE = "@rpath";
				INFOPLIST_FILE = NetworkingKit/Info.plist;
				INSTALL_PATH = "$(LOCAL_LIBRARY_DIR)/Frameworks";
				IPHONEOS_DEPLOYMENT_TARGET = 10.3;
				LD_RUNPATH_SEARCH_PATHS = "$(inherited) @executable_path/Frameworks @loader_path/Frameworks";
				PRODUCT_BUNDLE_IDENTIFIER = com.soup.NetworkingKit;
				PRODUCT_NAME = "$(TARGET_NAME)";
				SKIP_INSTALL = YES;
				SWIFT_VERSION = 3.0;
				VERSIONING_SYSTEM = "apple-generic";
				VERSION_INFO_PREFIX = "";
			};
			name = Release;
		};
		046D423F1E9CD2C400624E77 /* Debug */ = {
			isa = XCBuildConfiguration;
			buildSettings = {
				ALWAYS_EMBED_SWIFT_STANDARD_LIBRARIES = YES;
				CLANG_ANALYZER_NUMBER_OBJECT_CONVERSION = YES_AGGRESSIVE;
				INFOPLIST_FILE = NetworkingKitTests/Info.plist;
				IPHONEOS_DEPLOYMENT_TARGET = 10.3;
				LD_RUNPATH_SEARCH_PATHS = "$(inherited) @executable_path/Frameworks @loader_path/Frameworks";
				PRODUCT_BUNDLE_IDENTIFIER = com.soup.NetworkingKitTests;
				PRODUCT_NAME = "$(TARGET_NAME)";
				SWIFT_VERSION = 3.0;
				TEST_HOST = "$(BUILT_PRODUCTS_DIR)/pinned.app/pinned";
			};
			name = Debug;
		};
		046D42401E9CD2C400624E77 /* Release */ = {
			isa = XCBuildConfiguration;
			buildSettings = {
				ALWAYS_EMBED_SWIFT_STANDARD_LIBRARIES = YES;
				CLANG_ANALYZER_NUMBER_OBJECT_CONVERSION = YES_AGGRESSIVE;
				INFOPLIST_FILE = NetworkingKitTests/Info.plist;
				IPHONEOS_DEPLOYMENT_TARGET = 10.3;
				LD_RUNPATH_SEARCH_PATHS = "$(inherited) @executable_path/Frameworks @loader_path/Frameworks";
				PRODUCT_BUNDLE_IDENTIFIER = com.soup.NetworkingKitTests;
				PRODUCT_NAME = "$(TARGET_NAME)";
				SWIFT_VERSION = 3.0;
				TEST_HOST = "$(BUILT_PRODUCTS_DIR)/pinned.app/pinned";
			};
			name = Release;
		};
/* End XCBuildConfiguration section */

/* Begin XCConfigurationList section */
		043204551E8CDED2002706B8 /* Build configuration list for PBXProject "pinned" */ = {
			isa = XCConfigurationList;
			buildConfigurations = (
				0432046A1E8CDED3002706B8 /* Debug */,
				0432046B1E8CDED3002706B8 /* Release */,
			);
			defaultConfigurationIsVisible = 0;
			defaultConfigurationName = Release;
		};
		0432046C1E8CDED3002706B8 /* Build configuration list for PBXNativeTarget "pinned" */ = {
			isa = XCConfigurationList;
			buildConfigurations = (
				0432046D1E8CDED3002706B8 /* Debug */,
				0432046E1E8CDED3002706B8 /* Release */,
			);
			defaultConfigurationIsVisible = 0;
			defaultConfigurationName = Release;
		};
		046D41E71E9CC15800624E77 /* Build configuration list for PBXNativeTarget "pinnedShareExtension" */ = {
			isa = XCConfigurationList;
			buildConfigurations = (
				046D41E81E9CC15800624E77 /* Debug */,
				046D41E91E9CC15800624E77 /* Release */,
			);
			defaultConfigurationIsVisible = 0;
			defaultConfigurationName = Release;
		};
		046D423B1E9CD2C400624E77 /* Build configuration list for PBXNativeTarget "NetworkingKit" */ = {
			isa = XCConfigurationList;
			buildConfigurations = (
				046D423C1E9CD2C400624E77 /* Debug */,
				046D423D1E9CD2C400624E77 /* Release */,
			);
			defaultConfigurationIsVisible = 0;
			defaultConfigurationName = Release;
		};
		046D423E1E9CD2C400624E77 /* Build configuration list for PBXNativeTarget "NetworkingKitTests" */ = {
			isa = XCConfigurationList;
			buildConfigurations = (
				046D423F1E9CD2C400624E77 /* Debug */,
				046D42401E9CD2C400624E77 /* Release */,
			);
			defaultConfigurationIsVisible = 0;
			defaultConfigurationName = Release;
		};
/* End XCConfigurationList section */
	};
	rootObject = 043204521E8CDED2002706B8 /* Project object */;
}
