// !$*UTF8*$!
{
	archiveVersion = 1;
	classes = {
	};
	objectVersion = 46;
	objects = {

/* Begin PBXBuildFile section */
		0432045E1E8CDED3002706B8 /* AppDelegate.swift in Sources */ = {isa = PBXBuildFile; fileRef = 0432045D1E8CDED3002706B8 /* AppDelegate.swift */; };
		043204601E8CDED3002706B8 /* ViewController.swift in Sources */ = {isa = PBXBuildFile; fileRef = 0432045F1E8CDED3002706B8 /* ViewController.swift */; };
		043204631E8CDED3002706B8 /* Main.storyboard in Resources */ = {isa = PBXBuildFile; fileRef = 043204611E8CDED3002706B8 /* Main.storyboard */; };
		043204651E8CDED3002706B8 /* Assets.xcassets in Resources */ = {isa = PBXBuildFile; fileRef = 043204641E8CDED3002706B8 /* Assets.xcassets */; };
		043204681E8CDED3002706B8 /* LaunchScreen.storyboard in Resources */ = {isa = PBXBuildFile; fileRef = 043204661E8CDED3002706B8 /* LaunchScreen.storyboard */; };
		043204741E8CF3F6002706B8 /* 1Password.xcassets in Resources */ = {isa = PBXBuildFile; fileRef = 043204711E8CF3F6002706B8 /* 1Password.xcassets */; };
		043204751E8CF3F6002706B8 /* OnePasswordExtension.m in Sources */ = {isa = PBXBuildFile; fileRef = 043204731E8CF3F6002706B8 /* OnePasswordExtension.m */; };
		043204781E8DEA77002706B8 /* CacheData.swift in Sources */ = {isa = PBXBuildFile; fileRef = 043204771E8DEA77002706B8 /* CacheData.swift */; };
		0432047D1E8E06D1002706B8 /* LoginViewController.swift in Sources */ = {isa = PBXBuildFile; fileRef = 0432047B1E8E06D1002706B8 /* LoginViewController.swift */; };
		0474860B1E94D78A004093D3 /* All.storyboard in Resources */ = {isa = PBXBuildFile; fileRef = 0474860A1E94D78A004093D3 /* All.storyboard */; };
		0474860D1E94D82B004093D3 /* Tags.storyboard in Resources */ = {isa = PBXBuildFile; fileRef = 0474860C1E94D82B004093D3 /* Tags.storyboard */; };
		0474860F1E94DB40004093D3 /* Mark.storyboard in Resources */ = {isa = PBXBuildFile; fileRef = 0474860E1E94DB40004093D3 /* Mark.storyboard */; };
		047486131E94DBEF004093D3 /* MainViewController.swift in Sources */ = {isa = PBXBuildFile; fileRef = 047486121E94DBEF004093D3 /* MainViewController.swift */; };
		047486151E94E040004093D3 /* Other.storyboard in Resources */ = {isa = PBXBuildFile; fileRef = 047486141E94E040004093D3 /* Other.storyboard */; };
		047486181E94E11E004093D3 /* AllMainTableViewController.swift in Sources */ = {isa = PBXBuildFile; fileRef = 047486171E94E11E004093D3 /* AllMainTableViewController.swift */; };
		0474861A1E94E518004093D3 /* BaseTableViewController.swift in Sources */ = {isa = PBXBuildFile; fileRef = 047486191E94E518004093D3 /* BaseTableViewController.swift */; };
		04EECA5C1E8E24EA00A81CEE /* Login.storyboard in Resources */ = {isa = PBXBuildFile; fileRef = 04EECA5B1E8E24EA00A81CEE /* Login.storyboard */; };
		04EECA601E8E2D2C00A81CEE /* AFAppDotNetAPIClient.swift in Sources */ = {isa = PBXBuildFile; fileRef = 04EECA5F1E8E2D2C00A81CEE /* AFAppDotNetAPIClient.swift */; };
		04EECA621E8E3C2500A81CEE /* BaseViewController.swift in Sources */ = {isa = PBXBuildFile; fileRef = 04EECA611E8E3C2500A81CEE /* BaseViewController.swift */; };
		04EECA671E8E3FA300A81CEE /* StringExtension.swift in Sources */ = {isa = PBXBuildFile; fileRef = 04EECA661E8E3FA300A81CEE /* StringExtension.swift */; };
		81C82F4E300BD2CDF2C5C4A8 /* Pods_pinned.framework in Frameworks */ = {isa = PBXBuildFile; fileRef = F002523DD10301F8AE2CFDDB /* Pods_pinned.framework */; };
/* End PBXBuildFile section */

/* Begin PBXFileReference section */
		0432045A1E8CDED3002706B8 /* pinned.app */ = {isa = PBXFileReference; explicitFileType = wrapper.application; includeInIndex = 0; path = pinned.app; sourceTree = BUILT_PRODUCTS_DIR; };
		0432045D1E8CDED3002706B8 /* AppDelegate.swift */ = {isa = PBXFileReference; lastKnownFileType = sourcecode.swift; path = AppDelegate.swift; sourceTree = "<group>"; };
		0432045F1E8CDED3002706B8 /* ViewController.swift */ = {isa = PBXFileReference; lastKnownFileType = sourcecode.swift; path = ViewController.swift; sourceTree = "<group>"; };
		043204621E8CDED3002706B8 /* Base */ = {isa = PBXFileReference; lastKnownFileType = file.storyboard; name = Base; path = Base.lproj/Main.storyboard; sourceTree = "<group>"; };
		043204641E8CDED3002706B8 /* Assets.xcassets */ = {isa = PBXFileReference; lastKnownFileType = folder.assetcatalog; path = Assets.xcassets; sourceTree = "<group>"; };
		043204671E8CDED3002706B8 /* Base */ = {isa = PBXFileReference; lastKnownFileType = file.storyboard; name = Base; path = Base.lproj/LaunchScreen.storyboard; sourceTree = "<group>"; };
		043204691E8CDED3002706B8 /* Info.plist */ = {isa = PBXFileReference; lastKnownFileType = text.plist.xml; path = Info.plist; sourceTree = "<group>"; };
		0432046F1E8CF33B002706B8 /* OCHeader.h */ = {isa = PBXFileReference; lastKnownFileType = sourcecode.c.h; path = OCHeader.h; sourceTree = "<group>"; };
		043204711E8CF3F6002706B8 /* 1Password.xcassets */ = {isa = PBXFileReference; lastKnownFileType = folder.assetcatalog; path = 1Password.xcassets; sourceTree = "<group>"; };
		043204721E8CF3F6002706B8 /* OnePasswordExtension.h */ = {isa = PBXFileReference; fileEncoding = 4; lastKnownFileType = sourcecode.c.h; path = OnePasswordExtension.h; sourceTree = "<group>"; };
		043204731E8CF3F6002706B8 /* OnePasswordExtension.m */ = {isa = PBXFileReference; fileEncoding = 4; lastKnownFileType = sourcecode.c.objc; path = OnePasswordExtension.m; sourceTree = "<group>"; };
		043204771E8DEA77002706B8 /* CacheData.swift */ = {isa = PBXFileReference; fileEncoding = 4; lastKnownFileType = sourcecode.swift; path = CacheData.swift; sourceTree = "<group>"; };
		0432047B1E8E06D1002706B8 /* LoginViewController.swift */ = {isa = PBXFileReference; fileEncoding = 4; lastKnownFileType = sourcecode.swift; path = LoginViewController.swift; sourceTree = "<group>"; };
		0474860A1E94D78A004093D3 /* All.storyboard */ = {isa = PBXFileReference; fileEncoding = 4; lastKnownFileType = file.storyboard; path = All.storyboard; sourceTree = "<group>"; };
		0474860C1E94D82B004093D3 /* Tags.storyboard */ = {isa = PBXFileReference; fileEncoding = 4; lastKnownFileType = file.storyboard; path = Tags.storyboard; sourceTree = "<group>"; };
		0474860E1E94DB40004093D3 /* Mark.storyboard */ = {isa = PBXFileReference; fileEncoding = 4; lastKnownFileType = file.storyboard; path = Mark.storyboard; sourceTree = "<group>"; };
		047486121E94DBEF004093D3 /* MainViewController.swift */ = {isa = PBXFileReference; fileEncoding = 4; lastKnownFileType = sourcecode.swift; path = MainViewController.swift; sourceTree = "<group>"; };
		047486141E94E040004093D3 /* Other.storyboard */ = {isa = PBXFileReference; fileEncoding = 4; lastKnownFileType = file.storyboard; path = Other.storyboard; sourceTree = "<group>"; };
		047486171E94E11E004093D3 /* AllMainTableViewController.swift */ = {isa = PBXFileReference; fileEncoding = 4; lastKnownFileType = sourcecode.swift; path = AllMainTableViewController.swift; sourceTree = "<group>"; };
		047486191E94E518004093D3 /* BaseTableViewController.swift */ = {isa = PBXFileReference; fileEncoding = 4; lastKnownFileType = sourcecode.swift; path = BaseTableViewController.swift; sourceTree = "<group>"; };
		04EECA5B1E8E24EA00A81CEE /* Login.storyboard */ = {isa = PBXFileReference; fileEncoding = 4; lastKnownFileType = file.storyboard; path = Login.storyboard; sourceTree = "<group>"; };
		04EECA5F1E8E2D2C00A81CEE /* AFAppDotNetAPIClient.swift */ = {isa = PBXFileReference; fileEncoding = 4; lastKnownFileType = sourcecode.swift; path = AFAppDotNetAPIClient.swift; sourceTree = "<group>"; };
		04EECA611E8E3C2500A81CEE /* BaseViewController.swift */ = {isa = PBXFileReference; fileEncoding = 4; lastKnownFileType = sourcecode.swift; path = BaseViewController.swift; sourceTree = "<group>"; };
		04EECA661E8E3FA300A81CEE /* StringExtension.swift */ = {isa = PBXFileReference; fileEncoding = 4; lastKnownFileType = sourcecode.swift; path = StringExtension.swift; sourceTree = "<group>"; };
		3E8B02F8495A9877F7FA02F6 /* Pods-pinned.debug.xcconfig */ = {isa = PBXFileReference; includeInIndex = 1; lastKnownFileType = text.xcconfig; name = "Pods-pinned.debug.xcconfig"; path = "Pods/Target Support Files/Pods-pinned/Pods-pinned.debug.xcconfig"; sourceTree = "<group>"; };
		79DA0FE1A4CAF0288DE49170 /* Pods-pinned.release.xcconfig */ = {isa = PBXFileReference; includeInIndex = 1; lastKnownFileType = text.xcconfig; name = "Pods-pinned.release.xcconfig"; path = "Pods/Target Support Files/Pods-pinned/Pods-pinned.release.xcconfig"; sourceTree = "<group>"; };
		F002523DD10301F8AE2CFDDB /* Pods_pinned.framework */ = {isa = PBXFileReference; explicitFileType = wrapper.framework; includeInIndex = 0; path = Pods_pinned.framework; sourceTree = BUILT_PRODUCTS_DIR; };
/* End PBXFileReference section */

/* Begin PBXFrameworksBuildPhase section */
		043204571E8CDED2002706B8 /* Frameworks */ = {
			isa = PBXFrameworksBuildPhase;
			buildActionMask = 2147483647;
			files = (
				81C82F4E300BD2CDF2C5C4A8 /* Pods_pinned.framework in Frameworks */,
			);
			runOnlyForDeploymentPostprocessing = 0;
		};
/* End PBXFrameworksBuildPhase section */

/* Begin PBXGroup section */
		043204511E8CDED2002706B8 = {
			isa = PBXGroup;
			children = (
				0432045C1E8CDED3002706B8 /* pinned */,
				0432045B1E8CDED3002706B8 /* Products */,
				6CE03DB27D84ADA46E2DCC2B /* Pods */,
				92F28B42EFC7E5E2D2DBF24F /* Frameworks */,
			);
			sourceTree = "<group>";
		};
		0432045B1E8CDED3002706B8 /* Products */ = {
			isa = PBXGroup;
			children = (
				0432045A1E8CDED3002706B8 /* pinned.app */,
			);
			name = Products;
			sourceTree = "<group>";
		};
		0432045C1E8CDED3002706B8 /* pinned */ = {
			isa = PBXGroup;
			children = (
				04EECA631E8E3F6C00A81CEE /* extension */,
				04EECA5E1E8E2D1700A81CEE /* Http */,
				04EECA5D1E8E24FB00A81CEE /* ViewController */,
				04EECA5A1E8E24D500A81CEE /* Storyboard */,
				043204761E8CFC35002706B8 /* Utility */,
				043204701E8CF3E2002706B8 /* 1Password */,
				0432045D1E8CDED3002706B8 /* AppDelegate.swift */,
				0432045F1E8CDED3002706B8 /* ViewController.swift */,
				043204641E8CDED3002706B8 /* Assets.xcassets */,
				043204661E8CDED3002706B8 /* LaunchScreen.storyboard */,
				043204691E8CDED3002706B8 /* Info.plist */,
				0432046F1E8CF33B002706B8 /* OCHeader.h */,
			);
			path = pinned;
			sourceTree = "<group>";
		};
		043204701E8CF3E2002706B8 /* 1Password */ = {
			isa = PBXGroup;
			children = (
				043204711E8CF3F6002706B8 /* 1Password.xcassets */,
				043204721E8CF3F6002706B8 /* OnePasswordExtension.h */,
				043204731E8CF3F6002706B8 /* OnePasswordExtension.m */,
			);
			name = 1Password;
			sourceTree = "<group>";
		};
		043204761E8CFC35002706B8 /* Utility */ = {
			isa = PBXGroup;
			children = (
				043204771E8DEA77002706B8 /* CacheData.swift */,
			);
			name = Utility;
			sourceTree = "<group>";
		};
		047486161E94E0F6004093D3 /* All */ = {
			isa = PBXGroup;
			children = (
				047486171E94E11E004093D3 /* AllMainTableViewController.swift */,
			);
			name = All;
			sourceTree = "<group>";
		};
		04EECA5A1E8E24D500A81CEE /* Storyboard */ = {
			isa = PBXGroup;
			children = (
				043204611E8CDED3002706B8 /* Main.storyboard */,
				04EECA5B1E8E24EA00A81CEE /* Login.storyboard */,
				0474860A1E94D78A004093D3 /* All.storyboard */,
				0474860C1E94D82B004093D3 /* Tags.storyboard */,
				0474860E1E94DB40004093D3 /* Mark.storyboard */,
				047486141E94E040004093D3 /* Other.storyboard */,
			);
			name = Storyboard;
			sourceTree = "<group>";
		};
		04EECA5D1E8E24FB00A81CEE /* ViewController */ = {
			isa = PBXGroup;
			children = (
				047486161E94E0F6004093D3 /* All */,
				0432047B1E8E06D1002706B8 /* LoginViewController.swift */,
				04EECA611E8E3C2500A81CEE /* BaseViewController.swift */,
				047486121E94DBEF004093D3 /* MainViewController.swift */,
				047486191E94E518004093D3 /* BaseTableViewController.swift */,
			);
			name = ViewController;
			sourceTree = "<group>";
		};
		04EECA5E1E8E2D1700A81CEE /* Http */ = {
			isa = PBXGroup;
			children = (
				04EECA5F1E8E2D2C00A81CEE /* AFAppDotNetAPIClient.swift */,
			);
			name = Http;
			sourceTree = "<group>";
		};
		04EECA631E8E3F6C00A81CEE /* extension */ = {
			isa = PBXGroup;
			children = (
				04EECA661E8E3FA300A81CEE /* StringExtension.swift */,
			);
			name = extension;
			sourceTree = "<group>";
		};
		6CE03DB27D84ADA46E2DCC2B /* Pods */ = {
			isa = PBXGroup;
			children = (
				3E8B02F8495A9877F7FA02F6 /* Pods-pinned.debug.xcconfig */,
				79DA0FE1A4CAF0288DE49170 /* Pods-pinned.release.xcconfig */,
			);
			name = Pods;
			sourceTree = "<group>";
		};
		92F28B42EFC7E5E2D2DBF24F /* Frameworks */ = {
			isa = PBXGroup;
			children = (
				F002523DD10301F8AE2CFDDB /* Pods_pinned.framework */,
			);
			name = Frameworks;
			sourceTree = "<group>";
		};
/* End PBXGroup section */

/* Begin PBXNativeTarget section */
		043204591E8CDED2002706B8 /* pinned */ = {
			isa = PBXNativeTarget;
			buildConfigurationList = 0432046C1E8CDED3002706B8 /* Build configuration list for PBXNativeTarget "pinned" */;
			buildPhases = (
				3360C2793E732BD6C103812C /* [CP] Check Pods Manifest.lock */,
				043204561E8CDED2002706B8 /* Sources */,
				043204571E8CDED2002706B8 /* Frameworks */,
				043204581E8CDED2002706B8 /* Resources */,
				A8F941D4DC4BD0930E9771BF /* [CP] Embed Pods Frameworks */,
				C435CD6B47DBEEC47C43AB4F /* [CP] Copy Pods Resources */,
			);
			buildRules = (
			);
			dependencies = (
			);
			name = pinned;
			productName = pinned;
			productReference = 0432045A1E8CDED3002706B8 /* pinned.app */;
			productType = "com.apple.product-type.application";
		};
/* End PBXNativeTarget section */

/* Begin PBXProject section */
		043204521E8CDED2002706B8 /* Project object */ = {
			isa = PBXProject;
			attributes = {
				LastSwiftUpdateCheck = 0820;
				LastUpgradeCheck = 0820;
				ORGANIZATIONNAME = "Kun Soup";
				TargetAttributes = {
					043204591E8CDED2002706B8 = {
						CreatedOnToolsVersion = 8.2;
						DevelopmentTeam = 56ZD4J8FQ5;
						ProvisioningStyle = Automatic;
					};
				};
			};
			buildConfigurationList = 043204551E8CDED2002706B8 /* Build configuration list for PBXProject "pinned" */;
			compatibilityVersion = "Xcode 3.2";
			developmentRegion = English;
			hasScannedForEncodings = 0;
			knownRegions = (
				en,
				Base,
			);
			mainGroup = 043204511E8CDED2002706B8;
			productRefGroup = 0432045B1E8CDED3002706B8 /* Products */;
			projectDirPath = "";
			projectRoot = "";
			targets = (
				043204591E8CDED2002706B8 /* pinned */,
			);
		};
/* End PBXProject section */

/* Begin PBXResourcesBuildPhase section */
		043204581E8CDED2002706B8 /* Resources */ = {
			isa = PBXResourcesBuildPhase;
			buildActionMask = 2147483647;
			files = (
				043204681E8CDED3002706B8 /* LaunchScreen.storyboard in Resources */,
				0474860F1E94DB40004093D3 /* Mark.storyboard in Resources */,
				047486151E94E040004093D3 /* Other.storyboard in Resources */,
				043204651E8CDED3002706B8 /* Assets.xcassets in Resources */,
				0474860D1E94D82B004093D3 /* Tags.storyboard in Resources */,
				043204741E8CF3F6002706B8 /* 1Password.xcassets in Resources */,
				04EECA5C1E8E24EA00A81CEE /* Login.storyboard in Resources */,
				0474860B1E94D78A004093D3 /* All.storyboard in Resources */,
				043204631E8CDED3002706B8 /* Main.storyboard in Resources */,
			);
			runOnlyForDeploymentPostprocessing = 0;
		};
/* End PBXResourcesBuildPhase section */

/* Begin PBXShellScriptBuildPhase section */
		3360C2793E732BD6C103812C /* [CP] Check Pods Manifest.lock */ = {
			isa = PBXShellScriptBuildPhase;
			buildActionMask = 2147483647;
			files = (
			);
			inputPaths = (
			);
			name = "[CP] Check Pods Manifest.lock";
			outputPaths = (
			);
			runOnlyForDeploymentPostprocessing = 0;
			shellPath = /bin/sh;
			shellScript = "diff \"${PODS_ROOT}/../Podfile.lock\" \"${PODS_ROOT}/Manifest.lock\" > /dev/null\nif [ $? != 0 ] ; then\n    # print error to STDERR\n    echo \"error: The sandbox is not in sync with the Podfile.lock. Run 'pod install' or update your CocoaPods installation.\" >&2\n    exit 1\nfi\n";
			showEnvVarsInLog = 0;
		};
		A8F941D4DC4BD0930E9771BF /* [CP] Embed Pods Frameworks */ = {
			isa = PBXShellScriptBuildPhase;
			buildActionMask = 2147483647;
			files = (
			);
			inputPaths = (
			);
			name = "[CP] Embed Pods Frameworks";
			outputPaths = (
			);
			runOnlyForDeploymentPostprocessing = 0;
			shellPath = /bin/sh;
			shellScript = "\"${SRCROOT}/Pods/Target Support Files/Pods-pinned/Pods-pinned-frameworks.sh\"\n";
			showEnvVarsInLog = 0;
		};
		C435CD6B47DBEEC47C43AB4F /* [CP] Copy Pods Resources */ = {
			isa = PBXShellScriptBuildPhase;
			buildActionMask = 2147483647;
			files = (
			);
			inputPaths = (
			);
			name = "[CP] Copy Pods Resources";
			outputPaths = (
			);
			runOnlyForDeploymentPostprocessing = 0;
			shellPath = /bin/sh;
			shellScript = "\"${SRCROOT}/Pods/Target Support Files/Pods-pinned/Pods-pinned-resources.sh\"\n";
			showEnvVarsInLog = 0;
		};
/* End PBXShellScriptBuildPhase section */

/* Begin PBXSourcesBuildPhase section */
		043204561E8CDED2002706B8 /* Sources */ = {
			isa = PBXSourcesBuildPhase;
			buildActionMask = 2147483647;
			files = (
				043204781E8DEA77002706B8 /* CacheData.swift in Sources */,
				043204751E8CF3F6002706B8 /* OnePasswordExtension.m in Sources */,
				04EECA601E8E2D2C00A81CEE /* AFAppDotNetAPIClient.swift in Sources */,
				043204601E8CDED3002706B8 /* ViewController.swift in Sources */,
				04EECA671E8E3FA300A81CEE /* StringExtension.swift in Sources */,
				0432047D1E8E06D1002706B8 /* LoginViewController.swift in Sources */,
				047486181E94E11E004093D3 /* AllMainTableViewController.swift in Sources */,
				047486131E94DBEF004093D3 /* MainViewController.swift in Sources */,
				04EECA621E8E3C2500A81CEE /* BaseViewController.swift in Sources */,
				0474861A1E94E518004093D3 /* BaseTableViewController.swift in Sources */,
				0432045E1E8CDED3002706B8 /* AppDelegate.swift in Sources */,
			);
			runOnlyForDeploymentPostprocessing = 0;
		};
/* End PBXSourcesBuildPhase section */

/* Begin PBXVariantGroup section */
		043204611E8CDED3002706B8 /* Main.storyboard */ = {
			isa = PBXVariantGroup;
			children = (
				043204621E8CDED3002706B8 /* Base */,
			);
			name = Main.storyboard;
			sourceTree = "<group>";
		};
		043204661E8CDED3002706B8 /* LaunchScreen.storyboard */ = {
			isa = PBXVariantGroup;
			children = (
				043204671E8CDED3002706B8 /* Base */,
			);
			name = LaunchScreen.storyboard;
			sourceTree = "<group>";
		};
/* End PBXVariantGroup section */

/* Begin XCBuildConfiguration section */
		0432046A1E8CDED3002706B8 /* Debug */ = {
			isa = XCBuildConfiguration;
			buildSettings = {
				ALWAYS_SEARCH_USER_PATHS = NO;
				CLANG_ANALYZER_NONNULL = YES;
				CLANG_CXX_LANGUAGE_STANDARD = "gnu++0x";
				CLANG_CXX_LIBRARY = "libc++";
				CLANG_ENABLE_MODULES = YES;
				CLANG_ENABLE_OBJC_ARC = YES;
				CLANG_WARN_BOOL_CONVERSION = YES;
				CLANG_WARN_CONSTANT_CONVERSION = YES;
				CLANG_WARN_DIRECT_OBJC_ISA_USAGE = YES_ERROR;
				CLANG_WARN_DOCUMENTATION_COMMENTS = YES;
				CLANG_WARN_EMPTY_BODY = YES;
				CLANG_WARN_ENUM_CONVERSION = YES;
				CLANG_WARN_INFINITE_RECURSION = YES;
				CLANG_WARN_INT_CONVERSION = YES;
				CLANG_WARN_OBJC_ROOT_CLASS = YES_ERROR;
				CLANG_WARN_SUSPICIOUS_MOVE = YES;
				CLANG_WARN_UNREACHABLE_CODE = YES;
				CLANG_WARN__DUPLICATE_METHOD_MATCH = YES;
				"CODE_SIGN_IDENTITY[sdk=iphoneos*]" = "iPhone Developer";
				COPY_PHASE_STRIP = NO;
				DEBUG_INFORMATION_FORMAT = dwarf;
				ENABLE_STRICT_OBJC_MSGSEND = YES;
				ENABLE_TESTABILITY = YES;
				GCC_C_LANGUAGE_STANDARD = gnu99;
				GCC_DYNAMIC_NO_PIC = NO;
				GCC_NO_COMMON_BLOCKS = YES;
				GCC_OPTIMIZATION_LEVEL = 0;
				GCC_PREPROCESSOR_DEFINITIONS = (
					"DEBUG=1",
					"$(inherited)",
				);
				GCC_WARN_64_TO_32_BIT_CONVERSION = YES;
				GCC_WARN_ABOUT_RETURN_TYPE = YES_ERROR;
				GCC_WARN_UNDECLARED_SELECTOR = YES;
				GCC_WARN_UNINITIALIZED_AUTOS = YES_AGGRESSIVE;
				GCC_WARN_UNUSED_FUNCTION = YES;
				GCC_WARN_UNUSED_VARIABLE = YES;
				IPHONEOS_DEPLOYMENT_TARGET = 10.2;
				MTL_ENABLE_DEBUG_INFO = YES;
				ONLY_ACTIVE_ARCH = YES;
				SDKROOT = iphoneos;
				SWIFT_ACTIVE_COMPILATION_CONDITIONS = DEBUG;
				SWIFT_OPTIMIZATION_LEVEL = "-Onone";
				TARGETED_DEVICE_FAMILY = "1,2";
			};
			name = Debug;
		};
		0432046B1E8CDED3002706B8 /* Release */ = {
			isa = XCBuildConfiguration;
			buildSettings = {
				ALWAYS_SEARCH_USER_PATHS = NO;
				CLANG_ANALYZER_NONNULL = YES;
				CLANG_CXX_LANGUAGE_STANDARD = "gnu++0x";
				CLANG_CXX_LIBRARY = "libc++";
				CLANG_ENABLE_MODULES = YES;
				CLANG_ENABLE_OBJC_ARC = YES;
				CLANG_WARN_BOOL_CONVERSION = YES;
				CLANG_WARN_CONSTANT_CONVERSION = YES;
				CLANG_WARN_DIRECT_OBJC_ISA_USAGE = YES_ERROR;
				CLANG_WARN_DOCUMENTATION_COMMENTS = YES;
				CLANG_WARN_EMPTY_BODY = YES;
				CLANG_WARN_ENUM_CONVERSION = YES;
				CLANG_WARN_INFINITE_RECURSION = YES;
				CLANG_WARN_INT_CONVERSION = YES;
				CLANG_WARN_OBJC_ROOT_CLASS = YES_ERROR;
				CLANG_WARN_SUSPICIOUS_MOVE = YES;
				CLANG_WARN_UNREACHABLE_CODE = YES;
				CLANG_WARN__DUPLICATE_METHOD_MATCH = YES;
				"CODE_SIGN_IDENTITY[sdk=iphoneos*]" = "iPhone Developer";
				COPY_PHASE_STRIP = NO;
				DEBUG_INFORMATION_FORMAT = "dwarf-with-dsym";
				ENABLE_NS_ASSERTIONS = NO;
				ENABLE_STRICT_OBJC_MSGSEND = YES;
				GCC_C_LANGUAGE_STANDARD = gnu99;
				GCC_NO_COMMON_BLOCKS = YES;
				GCC_WARN_64_TO_32_BIT_CONVERSION = YES;
				GCC_WARN_ABOUT_RETURN_TYPE = YES_ERROR;
				GCC_WARN_UNDECLARED_SELECTOR = YES;
				GCC_WARN_UNINITIALIZED_AUTOS = YES_AGGRESSIVE;
				GCC_WARN_UNUSED_FUNCTION = YES;
				GCC_WARN_UNUSED_VARIABLE = YES;
				IPHONEOS_DEPLOYMENT_TARGET = 10.2;
				MTL_ENABLE_DEBUG_INFO = NO;
				SDKROOT = iphoneos;
				SWIFT_OPTIMIZATION_LEVEL = "-Owholemodule";
				TARGETED_DEVICE_FAMILY = "1,2";
				VALIDATE_PRODUCT = YES;
			};
			name = Release;
		};
		0432046D1E8CDED3002706B8 /* Debug */ = {
			isa = XCBuildConfiguration;
			baseConfigurationReference = 3E8B02F8495A9877F7FA02F6 /* Pods-pinned.debug.xcconfig */;
			buildSettings = {
				ASSETCATALOG_COMPILER_APPICON_NAME = AppIcon;
				DEVELOPMENT_TEAM = 56ZD4J8FQ5;
				INFOPLIST_FILE = pinned/Info.plist;
				IPHONEOS_DEPLOYMENT_TARGET = 10.0;
				LD_RUNPATH_SEARCH_PATHS = "$(inherited) @executable_path/Frameworks";
				PRODUCT_BUNDLE_IDENTIFIER = com.soup.pinned;
				PRODUCT_NAME = "$(TARGET_NAME)";
				SWIFT_OBJC_BRIDGING_HEADER = pinned/OCHeader.h;
				SWIFT_VERSION = 3.0;
			};
			name = Debug;
		};
		0432046E1E8CDED3002706B8 /* Release */ = {
			isa = XCBuildConfiguration;
			baseConfigurationReference = 79DA0FE1A4CAF0288DE49170 /* Pods-pinned.release.xcconfig */;
			buildSettings = {
				ASSETCATALOG_COMPILER_APPICON_NAME = AppIcon;
				DEVELOPMENT_TEAM = 56ZD4J8FQ5;
				INFOPLIST_FILE = pinned/Info.plist;
				IPHONEOS_DEPLOYMENT_TARGET = 10.0;
				LD_RUNPATH_SEARCH_PATHS = "$(inherited) @executable_path/Frameworks";
				PRODUCT_BUNDLE_IDENTIFIER = com.soup.pinned;
				PRODUCT_NAME = "$(TARGET_NAME)";
				SWIFT_OBJC_BRIDGING_HEADER = pinned/OCHeader.h;
				SWIFT_VERSION = 3.0;
			};
			name = Release;
		};
/* End XCBuildConfiguration section */

/* Begin XCConfigurationList section */
		043204551E8CDED2002706B8 /* Build configuration list for PBXProject "pinned" */ = {
			isa = XCConfigurationList;
			buildConfigurations = (
				0432046A1E8CDED3002706B8 /* Debug */,
				0432046B1E8CDED3002706B8 /* Release */,
			);
			defaultConfigurationIsVisible = 0;
			defaultConfigurationName = Release;
		};
		0432046C1E8CDED3002706B8 /* Build configuration list for PBXNativeTarget "pinned" */ = {
			isa = XCConfigurationList;
			buildConfigurations = (
				0432046D1E8CDED3002706B8 /* Debug */,
				0432046E1E8CDED3002706B8 /* Release */,
			);
			defaultConfigurationIsVisible = 0;
			defaultConfigurationName = Release;
		};
/* End XCConfigurationList section */
	};
	rootObject = 043204521E8CDED2002706B8 /* Project object */;
}
